// !$*UTF8*$!
{
   archiveVersion = "1";
   objectVersion = "46";
   objects = {
      "DocumentBrowser::DocumentBrowser" = {
         isa = "PBXNativeTarget";
         buildConfigurationList = "OBJ_156";
         buildPhases = (
            "OBJ_159",
            "OBJ_170"
         );
         dependencies = (
         );
         name = "DocumentBrowser";
         productName = "DocumentBrowser";
         productReference = "DocumentBrowser::DocumentBrowser::Product";
         productType = "com.apple.product-type.framework";
      };
      "DocumentBrowser::DocumentBrowser::Product" = {
         isa = "PBXFileReference";
         path = "DocumentBrowser.framework";
         sourceTree = "BUILT_PRODUCTS_DIR";
      };
      "DocumentBrowser::DocumentBrowserPackageTests::ProductTarget" = {
         isa = "PBXAggregateTarget";
         buildConfigurationList = "OBJ_178";
         buildPhases = (
         );
         dependencies = (
            "OBJ_181"
         );
         name = "DocumentBrowserPackageTests";
         productName = "DocumentBrowserPackageTests";
      };
      "DocumentBrowser::DocumentBrowserTests" = {
         isa = "PBXNativeTarget";
         buildConfigurationList = "OBJ_183";
         buildPhases = (
            "OBJ_186",
            "OBJ_198"
         );
         dependencies = (
            "OBJ_207",
            "OBJ_209",
            "OBJ_211",
            "OBJ_213",
            "OBJ_215",
            "OBJ_217",
            "OBJ_219",
            "OBJ_221"
         );
         name = "DocumentBrowserTests";
         productName = "DocumentBrowserTests";
         productReference = "DocumentBrowser::DocumentBrowserTests::Product";
         productType = "com.apple.product-type.bundle.unit-test";
      };
      "DocumentBrowser::DocumentBrowserTests::Product" = {
         isa = "PBXFileReference";
         path = "DocumentBrowserTests.xctest";
         sourceTree = "BUILT_PRODUCTS_DIR";
      };
      "DocumentBrowser::SwiftPMPackageDescription" = {
         isa = "PBXNativeTarget";
         buildConfigurationList = "OBJ_172";
         buildPhases = (
            "OBJ_175"
         );
         dependencies = (
         );
         name = "DocumentBrowserPackageDescription";
         productName = "DocumentBrowserPackageDescription";
         productType = "com.apple.product-type.framework";
      };
      "Nimble::Nimble" = {
         isa = "PBXNativeTarget";
         buildConfigurationList = "OBJ_222";
         buildPhases = (
            "OBJ_225",
            "OBJ_278"
         );
         dependencies = (
            "OBJ_283",
            "OBJ_284",
            "OBJ_285",
            "OBJ_286"
         );
         name = "Nimble";
         productName = "Nimble";
         productReference = "Nimble::Nimble::Product";
         productType = "com.apple.product-type.framework";
      };
      "Nimble::Nimble::Product" = {
         isa = "PBXFileReference";
         path = "Nimble.framework";
         sourceTree = "BUILT_PRODUCTS_DIR";
      };
      "Nimble::NimbleCwlCatchException" = {
         isa = "PBXNativeTarget";
         buildConfigurationList = "OBJ_287";
         buildPhases = (
            "OBJ_290",
            "OBJ_292"
         );
         dependencies = (
            "OBJ_294"
         );
         name = "NimbleCwlCatchException";
         productName = "NimbleCwlCatchException";
         productReference = "Nimble::NimbleCwlCatchException::Product";
         productType = "com.apple.product-type.framework";
      };
      "Nimble::NimbleCwlCatchException::Product" = {
         isa = "PBXFileReference";
         path = "NimbleCwlCatchException.framework";
         sourceTree = "BUILT_PRODUCTS_DIR";
      };
      "Nimble::NimbleCwlCatchExceptionSupport" = {
         isa = "PBXNativeTarget";
         buildConfigurationList = "OBJ_295";
         buildPhases = (
            "OBJ_298",
            "OBJ_300"
         );
         dependencies = (
         );
         name = "NimbleCwlCatchExceptionSupport";
         productName = "NimbleCwlCatchExceptionSupport";
         productReference = "Nimble::NimbleCwlCatchExceptionSupport::Product";
         productType = "com.apple.product-type.framework";
      };
      "Nimble::NimbleCwlCatchExceptionSupport::Product" = {
         isa = "PBXFileReference";
         path = "NimbleCwlCatchExceptionSupport.framework";
         sourceTree = "BUILT_PRODUCTS_DIR";
      };
      "Nimble::NimbleCwlMachBadInstructionHandler" = {
         isa = "PBXNativeTarget";
         buildConfigurationList = "OBJ_301";
         buildPhases = (
            "OBJ_304",
            "OBJ_307"
         );
         dependencies = (
         );
         name = "NimbleCwlMachBadInstructionHandler";
         productName = "NimbleCwlMachBadInstructionHandler";
         productReference = "Nimble::NimbleCwlMachBadInstructionHandler::Product";
         productType = "com.apple.product-type.framework";
      };
      "Nimble::NimbleCwlMachBadInstructionHandler::Product" = {
         isa = "PBXFileReference";
         path = "NimbleCwlMachBadInstructionHandler.framework";
         sourceTree = "BUILT_PRODUCTS_DIR";
      };
      "Nimble::NimbleCwlPreconditionTesting" = {
         isa = "PBXNativeTarget";
         buildConfigurationList = "OBJ_308";
         buildPhases = (
            "OBJ_311",
            "OBJ_315"
         );
         dependencies = (
            "OBJ_319",
            "OBJ_320",
            "OBJ_321"
         );
         name = "NimbleCwlPreconditionTesting";
         productName = "NimbleCwlPreconditionTesting";
         productReference = "Nimble::NimbleCwlPreconditionTesting::Product";
         productType = "com.apple.product-type.framework";
      };
      "Nimble::NimbleCwlPreconditionTesting::Product" = {
         isa = "PBXFileReference";
         path = "NimbleCwlPreconditionTesting.framework";
         sourceTree = "BUILT_PRODUCTS_DIR";
      };
      "Nimble::SwiftPMPackageDescription" = {
         isa = "PBXNativeTarget";
         buildConfigurationList = "OBJ_323";
         buildPhases = (
            "OBJ_326"
         );
         dependencies = (
         );
         name = "NimblePackageDescription";
         productName = "NimblePackageDescription";
         productType = "com.apple.product-type.framework";
      };
      "OBJ_1" = {
         isa = "PBXProject";
         attributes = {
            LastSwiftMigration = "9999";
            LastUpgradeCheck = "9999";
         };
         buildConfigurationList = "OBJ_2";
         compatibilityVersion = "Xcode 3.2";
         developmentRegion = "en";
         hasScannedForEncodings = "0";
         knownRegions = (
            "en"
         );
         mainGroup = "OBJ_5";
         productRefGroup = "OBJ_143";
         projectDirPath = ".";
         targets = (
            "DocumentBrowser::DocumentBrowser",
            "DocumentBrowser::SwiftPMPackageDescription",
            "DocumentBrowser::DocumentBrowserPackageTests::ProductTarget",
            "DocumentBrowser::DocumentBrowserTests",
            "Nimble::Nimble",
            "Nimble::NimbleCwlCatchException",
            "Nimble::NimbleCwlCatchExceptionSupport",
            "Nimble::NimbleCwlMachBadInstructionHandler",
            "Nimble::NimbleCwlPreconditionTesting",
            "Nimble::SwiftPMPackageDescription",
            "Quick::Quick",
            "Quick::SwiftPMPackageDescription",
            "Quick::QuickSpecBase"
         );
      };
      "OBJ_10" = {
         isa = "PBXFileReference";
         path = "DocumentBrowserViewControllerCreating.swift";
         sourceTree = "<group>";
      };
      "OBJ_100" = {
         isa = "PBXFileReference";
         path = "BeginWith.swift";
         sourceTree = "<group>";
      };
      "OBJ_101" = {
         isa = "PBXFileReference";
         path = "Contain.swift";
         sourceTree = "<group>";
      };
      "OBJ_102" = {
         isa = "PBXFileReference";
         path = "ContainElementSatisfying.swift";
         sourceTree = "<group>";
      };
      "OBJ_103" = {
         isa = "PBXFileReference";
         path = "ElementsEqual.swift";
         sourceTree = "<group>";
      };
      "OBJ_104" = {
         isa = "PBXFileReference";
         path = "EndWith.swift";
         sourceTree = "<group>";
      };
      "OBJ_105" = {
         isa = "PBXFileReference";
         path = "Equal.swift";
         sourceTree = "<group>";
      };
      "OBJ_106" = {
         isa = "PBXFileReference";
         path = "HaveCount.swift";
         sourceTree = "<group>";
      };
      "OBJ_107" = {
         isa = "PBXFileReference";
         path = "Match.swift";
         sourceTree = "<group>";
      };
      "OBJ_108" = {
         isa = "PBXFileReference";
         path = "MatchError.swift";
         sourceTree = "<group>";
      };
      "OBJ_109" = {
         isa = "PBXFileReference";
         path = "MatcherFunc.swift";
         sourceTree = "<group>";
      };
      "OBJ_11" = {
         isa = "PBXFileReference";
         path = "DocumentBrowserViewControllerDelegate.swift";
         sourceTree = "<group>";
      };
      "OBJ_110" = {
         isa = "PBXFileReference";
         path = "MatcherProtocols.swift";
         sourceTree = "<group>";
      };
      "OBJ_111" = {
         isa = "PBXFileReference";
         path = "PostNotification.swift";
         sourceTree = "<group>";
      };
      "OBJ_112" = {
         isa = "PBXFileReference";
         path = "Predicate.swift";
         sourceTree = "<group>";
      };
      "OBJ_113" = {
         isa = "PBXFileReference";
         path = "RaisesException.swift";
         sourceTree = "<group>";
      };
      "OBJ_114" = {
         isa = "PBXFileReference";
         path = "SatisfyAllOf.swift";
         sourceTree = "<group>";
      };
      "OBJ_115" = {
         isa = "PBXFileReference";
         path = "SatisfyAnyOf.swift";
         sourceTree = "<group>";
      };
      "OBJ_116" = {
         isa = "PBXFileReference";
         path = "ThrowAssertion.swift";
         sourceTree = "<group>";
      };
      "OBJ_117" = {
         isa = "PBXFileReference";
         path = "ThrowError.swift";
         sourceTree = "<group>";
      };
      "OBJ_118" = {
         isa = "PBXFileReference";
         path = "ToSucceed.swift";
         sourceTree = "<group>";
      };
      "OBJ_119" = {
         isa = "PBXGroup";
         children = (
            "OBJ_120",
            "OBJ_121",
            "OBJ_122",
            "OBJ_123",
            "OBJ_124"
         );
         name = "Utils";
         path = "Utils";
         sourceTree = "<group>";
      };
      "OBJ_12" = {
         isa = "PBXFileReference";
         path = "DocumentBrowserViewControllerFactory.swift";
         sourceTree = "<group>";
      };
      "OBJ_120" = {
         isa = "PBXFileReference";
         path = "Await.swift";
         sourceTree = "<group>";
      };
      "OBJ_121" = {
         isa = "PBXFileReference";
         path = "Errors.swift";
         sourceTree = "<group>";
      };
      "OBJ_122" = {
         isa = "PBXFileReference";
         path = "Functional.swift";
         sourceTree = "<group>";
      };
      "OBJ_123" = {
         isa = "PBXFileReference";
         path = "SourceLocation.swift";
         sourceTree = "<group>";
      };
      "OBJ_124" = {
         isa = "PBXFileReference";
         path = "Stringers.swift";
         sourceTree = "<group>";
      };
      "OBJ_125" = {
         isa = "PBXGroup";
         children = (
            "OBJ_126"
         );
         name = "NimbleCwlCatchException";
         path = ".build/checkouts/Nimble/Carthage/Checkouts/CwlPreconditionTesting/Dependencies/CwlCatchException/Sources/CwlCatchException";
         sourceTree = "SOURCE_ROOT";
      };
      "OBJ_126" = {
         isa = "PBXFileReference";
         path = "CwlCatchException.swift";
         sourceTree = "<group>";
      };
      "OBJ_127" = {
         isa = "PBXGroup";
         children = (
            "OBJ_128",
            "OBJ_129"
         );
         name = "NimbleCwlCatchExceptionSupport";
         path = ".build/checkouts/Nimble/Carthage/Checkouts/CwlPreconditionTesting/Dependencies/CwlCatchException/Sources/CwlCatchExceptionSupport";
         sourceTree = "SOURCE_ROOT";
      };
      "OBJ_128" = {
         isa = "PBXFileReference";
         path = "CwlCatchException.m";
         sourceTree = "<group>";
      };
      "OBJ_129" = {
         isa = "PBXGroup";
         children = (
            "OBJ_130",
            "OBJ_131"
         );
         name = "include";
         path = "include";
         sourceTree = "<group>";
      };
      "OBJ_13" = {
         isa = "PBXFileReference";
         path = "DocumentBrowsing.swift";
         sourceTree = "<group>";
      };
      "OBJ_130" = {
         isa = "PBXFileReference";
         path = "CwlCatchException.h";
         sourceTree = "<group>";
      };
      "OBJ_131" = {
         isa = "PBXFileReference";
         name = "module.modulemap";
         path = "/Users/darrarski/Dev/DocumentBrowser-iOS/DocumentBrowser.xcodeproj/GeneratedModuleMap/NimbleCwlCatchExceptionSupport/module.modulemap";
         sourceTree = "<group>";
      };
      "OBJ_132" = {
         isa = "PBXGroup";
         children = (
            "OBJ_133",
            "OBJ_134",
            "OBJ_135"
         );
         name = "NimbleCwlMachBadInstructionHandler";
         path = ".build/checkouts/Nimble/Carthage/Checkouts/CwlPreconditionTesting/Sources/CwlMachBadInstructionHandler";
         sourceTree = "SOURCE_ROOT";
      };
      "OBJ_133" = {
         isa = "PBXFileReference";
         path = "CwlMachBadInstructionHandler.m";
         sourceTree = "<group>";
      };
      "OBJ_134" = {
         isa = "PBXFileReference";
         path = "mach_excServer.c";
         sourceTree = "<group>";
      };
      "OBJ_135" = {
         isa = "PBXGroup";
         children = (
            "OBJ_136",
            "OBJ_137"
         );
         name = "include";
         path = "include";
         sourceTree = "<group>";
      };
      "OBJ_136" = {
         isa = "PBXFileReference";
         path = "CwlMachBadInstructionHandler.h";
         sourceTree = "<group>";
      };
      "OBJ_137" = {
         isa = "PBXFileReference";
         name = "module.modulemap";
         path = "/Users/darrarski/Dev/DocumentBrowser-iOS/DocumentBrowser.xcodeproj/GeneratedModuleMap/NimbleCwlMachBadInstructionHandler/module.modulemap";
         sourceTree = "<group>";
      };
      "OBJ_138" = {
         isa = "PBXGroup";
         children = (
            "OBJ_139",
            "OBJ_140",
            "OBJ_141"
         );
         name = "NimbleCwlPreconditionTesting";
         path = ".build/checkouts/Nimble/Carthage/Checkouts/CwlPreconditionTesting/Sources/CwlPreconditionTesting";
         sourceTree = "SOURCE_ROOT";
      };
      "OBJ_139" = {
         isa = "PBXFileReference";
         path = "CwlBadInstructionException.swift";
         sourceTree = "<group>";
      };
      "OBJ_14" = {
         isa = "PBXFileReference";
         path = "DocumentCreating.swift";
         sourceTree = "<group>";
      };
      "OBJ_140" = {
         isa = "PBXFileReference";
         path = "CwlCatchBadInstruction.swift";
         sourceTree = "<group>";
      };
      "OBJ_141" = {
         isa = "PBXFileReference";
         path = "CwlDarwinDefinitions.swift";
         sourceTree = "<group>";
      };
      "OBJ_142" = {
         isa = "PBXFileReference";
         explicitFileType = "sourcecode.swift";
         name = "Package.swift";
         path = "/Users/darrarski/Dev/DocumentBrowser-iOS/.build/checkouts/Nimble/Package.swift";
         sourceTree = "<group>";
      };
      "OBJ_143" = {
         isa = "PBXGroup";
         children = (
            "Nimble::NimbleCwlCatchException::Product",
            "Nimble::NimbleCwlCatchExceptionSupport::Product",
            "Nimble::NimbleCwlPreconditionTesting::Product",
            "Quick::Quick::Product",
            "DocumentBrowser::DocumentBrowser::Product",
            "DocumentBrowser::DocumentBrowserTests::Product",
            "Nimble::Nimble::Product",
            "Nimble::NimbleCwlMachBadInstructionHandler::Product",
            "Quick::QuickSpecBase::Product"
         );
         name = "Products";
         path = "";
         sourceTree = "BUILT_PRODUCTS_DIR";
      };
      "OBJ_15" = {
         isa = "PBXFileReference";
         path = "DocumentInitializing.swift";
         sourceTree = "<group>";
      };
      "OBJ_153" = {
         isa = "PBXFileReference";
         path = "LICENSE";
         sourceTree = "<group>";
      };
      "OBJ_154" = {
         isa = "PBXFileReference";
         path = "README.md";
         sourceTree = "<group>";
      };
      "OBJ_156" = {
         isa = "XCConfigurationList";
         buildConfigurations = (
            "OBJ_157",
            "OBJ_158"
         );
         defaultConfigurationIsVisible = "0";
         defaultConfigurationName = "Release";
      };
      "OBJ_157" = {
         isa = "XCBuildConfiguration";
         buildSettings = {
            ENABLE_TESTABILITY = "YES";
            FRAMEWORK_SEARCH_PATHS = (
               "$(inherited)",
               "$(PLATFORM_DIR)/Developer/Library/Frameworks"
            );
            HEADER_SEARCH_PATHS = (
               "$(inherited)"
            );
            INFOPLIST_FILE = "DocumentBrowser.xcodeproj/DocumentBrowser_Info.plist";
            IPHONEOS_DEPLOYMENT_TARGET = "11.0";
            LD_RUNPATH_SEARCH_PATHS = (
               "$(inherited)",
               "$(TOOLCHAIN_DIR)/usr/lib/swift/macosx"
            );
            MACOSX_DEPLOYMENT_TARGET = "10.10";
            OTHER_CFLAGS = (
               "$(inherited)"
            );
            OTHER_LDFLAGS = (
               "$(inherited)"
            );
            OTHER_SWIFT_FLAGS = (
               "$(inherited)"
            );
            PRODUCT_BUNDLE_IDENTIFIER = "DocumentBrowser";
            PRODUCT_MODULE_NAME = "$(TARGET_NAME:c99extidentifier)";
            PRODUCT_NAME = "$(TARGET_NAME:c99extidentifier)";
            SKIP_INSTALL = "YES";
            SWIFT_ACTIVE_COMPILATION_CONDITIONS = (
               "$(inherited)"
            );
            SWIFT_VERSION = "5.0";
            TARGET_NAME = "DocumentBrowser";
            TVOS_DEPLOYMENT_TARGET = "9.0";
            WATCHOS_DEPLOYMENT_TARGET = "2.0";
         };
         name = "Debug";
      };
      "OBJ_158" = {
         isa = "XCBuildConfiguration";
         buildSettings = {
            ENABLE_TESTABILITY = "YES";
            FRAMEWORK_SEARCH_PATHS = (
               "$(inherited)",
               "$(PLATFORM_DIR)/Developer/Library/Frameworks"
            );
            HEADER_SEARCH_PATHS = (
               "$(inherited)"
            );
            INFOPLIST_FILE = "DocumentBrowser.xcodeproj/DocumentBrowser_Info.plist";
            IPHONEOS_DEPLOYMENT_TARGET = "11.0";
            LD_RUNPATH_SEARCH_PATHS = (
               "$(inherited)",
               "$(TOOLCHAIN_DIR)/usr/lib/swift/macosx"
            );
            MACOSX_DEPLOYMENT_TARGET = "10.10";
            OTHER_CFLAGS = (
               "$(inherited)"
            );
            OTHER_LDFLAGS = (
               "$(inherited)"
            );
            OTHER_SWIFT_FLAGS = (
               "$(inherited)"
            );
            PRODUCT_BUNDLE_IDENTIFIER = "DocumentBrowser";
            PRODUCT_MODULE_NAME = "$(TARGET_NAME:c99extidentifier)";
            PRODUCT_NAME = "$(TARGET_NAME:c99extidentifier)";
            SKIP_INSTALL = "YES";
            SWIFT_ACTIVE_COMPILATION_CONDITIONS = (
               "$(inherited)"
            );
            SWIFT_VERSION = "5.0";
            TARGET_NAME = "DocumentBrowser";
            TVOS_DEPLOYMENT_TARGET = "9.0";
            WATCHOS_DEPLOYMENT_TARGET = "2.0";
         };
         name = "Release";
      };
      "OBJ_159" = {
         isa = "PBXSourcesBuildPhase";
         files = (
            "OBJ_160",
            "OBJ_161",
            "OBJ_162",
            "OBJ_163",
            "OBJ_164",
            "OBJ_165",
            "OBJ_166",
            "OBJ_167",
            "OBJ_168",
            "OBJ_169"
         );
      };
      "OBJ_16" = {
         isa = "PBXFileReference";
         path = "DocumentPresenting.swift";
         sourceTree = "<group>";
      };
      "OBJ_160" = {
         isa = "PBXBuildFile";
         fileRef = "OBJ_9";
      };
      "OBJ_161" = {
         isa = "PBXBuildFile";
         fileRef = "OBJ_10";
      };
      "OBJ_162" = {
         isa = "PBXBuildFile";
         fileRef = "OBJ_11";
      };
      "OBJ_163" = {
         isa = "PBXBuildFile";
         fileRef = "OBJ_12";
      };
      "OBJ_164" = {
         isa = "PBXBuildFile";
         fileRef = "OBJ_13";
      };
      "OBJ_165" = {
         isa = "PBXBuildFile";
         fileRef = "OBJ_14";
      };
      "OBJ_166" = {
         isa = "PBXBuildFile";
         fileRef = "OBJ_15";
      };
      "OBJ_167" = {
         isa = "PBXBuildFile";
         fileRef = "OBJ_16";
      };
      "OBJ_168" = {
         isa = "PBXBuildFile";
         fileRef = "OBJ_17";
      };
      "OBJ_169" = {
         isa = "PBXBuildFile";
         fileRef = "OBJ_18";
      };
      "OBJ_17" = {
         isa = "PBXFileReference";
         path = "EmptyDocumentCreator.swift";
         sourceTree = "<group>";
      };
      "OBJ_170" = {
         isa = "PBXFrameworksBuildPhase";
         files = (
         );
      };
      "OBJ_172" = {
         isa = "XCConfigurationList";
         buildConfigurations = (
            "OBJ_173",
            "OBJ_174"
         );
         defaultConfigurationIsVisible = "0";
         defaultConfigurationName = "Release";
      };
      "OBJ_173" = {
         isa = "XCBuildConfiguration";
         buildSettings = {
            LD = "/usr/bin/true";
            OTHER_SWIFT_FLAGS = (
               "-swift-version",
               "5",
               "-I",
               "$(TOOLCHAIN_DIR)/usr/lib/swift/pm/4_2",
               "-target",
               "x86_64-apple-macosx10.10",
               "-sdk",
               "/Applications/Xcode.app/Contents/Developer/Platforms/MacOSX.platform/Developer/SDKs/MacOSX10.15.sdk",
               "-package-description-version",
               "5.2.0"
            );
            SWIFT_VERSION = "5.0";
         };
         name = "Debug";
      };
      "OBJ_174" = {
         isa = "XCBuildConfiguration";
         buildSettings = {
            LD = "/usr/bin/true";
            OTHER_SWIFT_FLAGS = (
               "-swift-version",
               "5",
               "-I",
               "$(TOOLCHAIN_DIR)/usr/lib/swift/pm/4_2",
               "-target",
               "x86_64-apple-macosx10.10",
               "-sdk",
               "/Applications/Xcode.app/Contents/Developer/Platforms/MacOSX.platform/Developer/SDKs/MacOSX10.15.sdk",
               "-package-description-version",
               "5.2.0"
            );
            SWIFT_VERSION = "5.0";
         };
         name = "Release";
      };
      "OBJ_175" = {
         isa = "PBXSourcesBuildPhase";
         files = (
            "OBJ_176"
         );
      };
      "OBJ_176" = {
         isa = "PBXBuildFile";
         fileRef = "OBJ_6";
      };
      "OBJ_178" = {
         isa = "XCConfigurationList";
         buildConfigurations = (
            "OBJ_179",
            "OBJ_180"
         );
         defaultConfigurationIsVisible = "0";
         defaultConfigurationName = "Release";
      };
      "OBJ_179" = {
         isa = "XCBuildConfiguration";
         buildSettings = {
         };
         name = "Debug";
      };
      "OBJ_18" = {
         isa = "PBXFileReference";
         path = "TemplateDocumentCreator.swift";
         sourceTree = "<group>";
      };
      "OBJ_180" = {
         isa = "XCBuildConfiguration";
         buildSettings = {
         };
         name = "Release";
      };
      "OBJ_181" = {
         isa = "PBXTargetDependency";
         target = "DocumentBrowser::DocumentBrowserTests";
      };
      "OBJ_183" = {
         isa = "XCConfigurationList";
         buildConfigurations = (
            "OBJ_184",
            "OBJ_185"
         );
         defaultConfigurationIsVisible = "0";
         defaultConfigurationName = "Release";
      };
      "OBJ_184" = {
         isa = "XCBuildConfiguration";
         buildSettings = {
            CLANG_ENABLE_MODULES = "YES";
            EMBEDDED_CONTENT_CONTAINS_SWIFT = "YES";
            FRAMEWORK_SEARCH_PATHS = (
               "$(inherited)",
               "$(PLATFORM_DIR)/Developer/Library/Frameworks"
            );
            HEADER_SEARCH_PATHS = (
               "$(inherited)",
               "$(SRCROOT)/.build/checkouts/Nimble/Carthage/Checkouts/CwlPreconditionTesting/Dependencies/CwlCatchException/Sources/CwlCatchExceptionSupport/include",
               "$(SRCROOT)/.build/checkouts/Nimble/Carthage/Checkouts/CwlPreconditionTesting/Sources/CwlMachBadInstructionHandler/include",
               "$(SRCROOT)/.build/checkouts/Quick/Sources/QuickSpecBase/include",
               "$(SRCROOT)/DocumentBrowser.xcodeproj/GeneratedModuleMap/NimbleCwlCatchExceptionSupport",
               "$(SRCROOT)/DocumentBrowser.xcodeproj/GeneratedModuleMap/NimbleCwlMachBadInstructionHandler"
            );
            INFOPLIST_FILE = "DocumentBrowser.xcodeproj/DocumentBrowserTests_Info.plist";
            IPHONEOS_DEPLOYMENT_TARGET = "11.0";
            LD_RUNPATH_SEARCH_PATHS = (
               "$(inherited)",
               "@loader_path/../Frameworks",
               "@loader_path/Frameworks"
            );
            MACOSX_DEPLOYMENT_TARGET = "10.10";
            OTHER_CFLAGS = (
               "$(inherited)"
            );
            OTHER_LDFLAGS = (
               "$(inherited)"
            );
            OTHER_SWIFT_FLAGS = (
               "$(inherited)",
               "-Xcc",
               "-fmodule-map-file=$(SRCROOT)/DocumentBrowser.xcodeproj/GeneratedModuleMap/NimbleCwlCatchExceptionSupport/module.modulemap",
               "-Xcc",
               "-fmodule-map-file=$(SRCROOT)/DocumentBrowser.xcodeproj/GeneratedModuleMap/NimbleCwlMachBadInstructionHandler/module.modulemap"
            );
            SWIFT_ACTIVE_COMPILATION_CONDITIONS = (
               "$(inherited)"
            );
            SWIFT_VERSION = "5.0";
            TARGET_NAME = "DocumentBrowserTests";
            TVOS_DEPLOYMENT_TARGET = "9.0";
            WATCHOS_DEPLOYMENT_TARGET = "2.0";
         };
         name = "Debug";
      };
      "OBJ_185" = {
         isa = "XCBuildConfiguration";
         buildSettings = {
            CLANG_ENABLE_MODULES = "YES";
            EMBEDDED_CONTENT_CONTAINS_SWIFT = "YES";
            FRAMEWORK_SEARCH_PATHS = (
               "$(inherited)",
               "$(PLATFORM_DIR)/Developer/Library/Frameworks"
            );
            HEADER_SEARCH_PATHS = (
               "$(inherited)",
               "$(SRCROOT)/.build/checkouts/Nimble/Carthage/Checkouts/CwlPreconditionTesting/Dependencies/CwlCatchException/Sources/CwlCatchExceptionSupport/include",
               "$(SRCROOT)/.build/checkouts/Nimble/Carthage/Checkouts/CwlPreconditionTesting/Sources/CwlMachBadInstructionHandler/include",
               "$(SRCROOT)/.build/checkouts/Quick/Sources/QuickSpecBase/include",
               "$(SRCROOT)/DocumentBrowser.xcodeproj/GeneratedModuleMap/NimbleCwlCatchExceptionSupport",
               "$(SRCROOT)/DocumentBrowser.xcodeproj/GeneratedModuleMap/NimbleCwlMachBadInstructionHandler"
            );
            INFOPLIST_FILE = "DocumentBrowser.xcodeproj/DocumentBrowserTests_Info.plist";
            IPHONEOS_DEPLOYMENT_TARGET = "11.0";
            LD_RUNPATH_SEARCH_PATHS = (
               "$(inherited)",
               "@loader_path/../Frameworks",
               "@loader_path/Frameworks"
            );
            MACOSX_DEPLOYMENT_TARGET = "10.10";
            OTHER_CFLAGS = (
               "$(inherited)"
            );
            OTHER_LDFLAGS = (
               "$(inherited)"
            );
            OTHER_SWIFT_FLAGS = (
               "$(inherited)",
               "-Xcc",
               "-fmodule-map-file=$(SRCROOT)/DocumentBrowser.xcodeproj/GeneratedModuleMap/NimbleCwlCatchExceptionSupport/module.modulemap",
               "-Xcc",
               "-fmodule-map-file=$(SRCROOT)/DocumentBrowser.xcodeproj/GeneratedModuleMap/NimbleCwlMachBadInstructionHandler/module.modulemap"
            );
            SWIFT_ACTIVE_COMPILATION_CONDITIONS = (
               "$(inherited)"
            );
            SWIFT_VERSION = "5.0";
            TARGET_NAME = "DocumentBrowserTests";
            TVOS_DEPLOYMENT_TARGET = "9.0";
            WATCHOS_DEPLOYMENT_TARGET = "2.0";
         };
         name = "Release";
      };
      "OBJ_186" = {
         isa = "PBXSourcesBuildPhase";
         files = (
            "OBJ_187",
            "OBJ_188",
            "OBJ_189",
            "OBJ_190",
            "OBJ_191",
            "OBJ_192",
            "OBJ_193",
            "OBJ_194",
            "OBJ_195",
            "OBJ_196",
            "OBJ_197"
         );
      };
      "OBJ_187" = {
         isa = "PBXBuildFile";
         fileRef = "OBJ_21";
      };
      "OBJ_188" = {
         isa = "PBXBuildFile";
         fileRef = "OBJ_22";
      };
      "OBJ_189" = {
         isa = "PBXBuildFile";
         fileRef = "OBJ_23";
      };
      "OBJ_19" = {
         isa = "PBXGroup";
         children = (
            "OBJ_20"
         );
         name = "Tests";
         path = "";
         sourceTree = "SOURCE_ROOT";
      };
      "OBJ_190" = {
         isa = "PBXBuildFile";
         fileRef = "OBJ_25";
      };
      "OBJ_191" = {
         isa = "PBXBuildFile";
         fileRef = "OBJ_26";
      };
      "OBJ_192" = {
         isa = "PBXBuildFile";
         fileRef = "OBJ_27";
      };
      "OBJ_193" = {
         isa = "PBXBuildFile";
         fileRef = "OBJ_28";
      };
      "OBJ_194" = {
         isa = "PBXBuildFile";
         fileRef = "OBJ_29";
      };
      "OBJ_195" = {
         isa = "PBXBuildFile";
         fileRef = "OBJ_30";
      };
      "OBJ_196" = {
         isa = "PBXBuildFile";
         fileRef = "OBJ_31";
      };
      "OBJ_197" = {
         isa = "PBXBuildFile";
         fileRef = "OBJ_32";
      };
      "OBJ_198" = {
         isa = "PBXFrameworksBuildPhase";
         files = (
            "OBJ_199",
            "OBJ_200",
            "OBJ_201",
            "OBJ_202",
            "OBJ_203",
            "OBJ_204",
            "OBJ_205",
            "OBJ_206"
         );
      };
      "OBJ_199" = {
         isa = "PBXBuildFile";
         fileRef = "Nimble::Nimble::Product";
      };
      "OBJ_2" = {
         isa = "XCConfigurationList";
         buildConfigurations = (
            "OBJ_3",
            "OBJ_4"
         );
         defaultConfigurationIsVisible = "0";
         defaultConfigurationName = "Release";
      };
      "OBJ_20" = {
         isa = "PBXGroup";
         children = (
            "OBJ_21",
            "OBJ_22",
            "OBJ_23",
            "OBJ_24",
            "OBJ_31",
            "OBJ_32"
         );
         name = "DocumentBrowserTests";
         path = "Tests/DocumentBrowserTests";
         sourceTree = "SOURCE_ROOT";
      };
      "OBJ_200" = {
         isa = "PBXBuildFile";
         fileRef = "Nimble::NimbleCwlPreconditionTesting::Product";
      };
      "OBJ_201" = {
         isa = "PBXBuildFile";
         fileRef = "Nimble::NimbleCwlCatchException::Product";
      };
      "OBJ_202" = {
         isa = "PBXBuildFile";
         fileRef = "Nimble::NimbleCwlCatchExceptionSupport::Product";
      };
      "OBJ_203" = {
         isa = "PBXBuildFile";
         fileRef = "Nimble::NimbleCwlMachBadInstructionHandler::Product";
      };
      "OBJ_204" = {
         isa = "PBXBuildFile";
         fileRef = "Quick::Quick::Product";
      };
      "OBJ_205" = {
         isa = "PBXBuildFile";
         fileRef = "Quick::QuickSpecBase::Product";
      };
      "OBJ_206" = {
         isa = "PBXBuildFile";
         fileRef = "DocumentBrowser::DocumentBrowser::Product";
      };
      "OBJ_207" = {
         isa = "PBXTargetDependency";
         target = "Nimble::Nimble";
      };
      "OBJ_209" = {
         isa = "PBXTargetDependency";
         target = "Nimble::NimbleCwlPreconditionTesting";
      };
      "OBJ_21" = {
         isa = "PBXFileReference";
         path = "DocumentBrowserSpec.swift";
         sourceTree = "<group>";
      };
      "OBJ_211" = {
         isa = "PBXTargetDependency";
         target = "Nimble::NimbleCwlCatchException";
      };
      "OBJ_213" = {
         isa = "PBXTargetDependency";
         target = "Nimble::NimbleCwlCatchExceptionSupport";
      };
      "OBJ_215" = {
         isa = "PBXTargetDependency";
         target = "Nimble::NimbleCwlMachBadInstructionHandler";
      };
      "OBJ_217" = {
         isa = "PBXTargetDependency";
         target = "Quick::Quick";
      };
      "OBJ_219" = {
         isa = "PBXTargetDependency";
         target = "Quick::QuickSpecBase";
      };
      "OBJ_22" = {
         isa = "PBXFileReference";
         path = "DocumentBrowserViewControllerDelegateSpec.swift";
         sourceTree = "<group>";
      };
      "OBJ_221" = {
         isa = "PBXTargetDependency";
         target = "DocumentBrowser::DocumentBrowser";
      };
      "OBJ_222" = {
         isa = "XCConfigurationList";
         buildConfigurations = (
            "OBJ_223",
            "OBJ_224"
         );
         defaultConfigurationIsVisible = "0";
         defaultConfigurationName = "Release";
      };
      "OBJ_223" = {
         isa = "XCBuildConfiguration";
         buildSettings = {
            ENABLE_TESTABILITY = "YES";
            FRAMEWORK_SEARCH_PATHS = (
               "$(inherited)",
               "$(PLATFORM_DIR)/Developer/Library/Frameworks"
            );
            HEADER_SEARCH_PATHS = (
               "$(inherited)",
               "$(SRCROOT)/.build/checkouts/Nimble/Carthage/Checkouts/CwlPreconditionTesting/Dependencies/CwlCatchException/Sources/CwlCatchExceptionSupport/include",
               "$(SRCROOT)/.build/checkouts/Nimble/Carthage/Checkouts/CwlPreconditionTesting/Sources/CwlMachBadInstructionHandler/include",
               "$(SRCROOT)/DocumentBrowser.xcodeproj/GeneratedModuleMap/NimbleCwlCatchExceptionSupport",
               "$(SRCROOT)/DocumentBrowser.xcodeproj/GeneratedModuleMap/NimbleCwlMachBadInstructionHandler"
            );
            INFOPLIST_FILE = "DocumentBrowser.xcodeproj/Nimble_Info.plist";
            IPHONEOS_DEPLOYMENT_TARGET = "8.0";
            LD_RUNPATH_SEARCH_PATHS = (
               "$(inherited)",
               "$(TOOLCHAIN_DIR)/usr/lib/swift/macosx"
            );
            MACOSX_DEPLOYMENT_TARGET = "10.10";
            OTHER_CFLAGS = (
               "$(inherited)"
            );
            OTHER_LDFLAGS = (
               "$(inherited)"
            );
            OTHER_SWIFT_FLAGS = (
               "$(inherited)",
               "-Xcc",
               "-fmodule-map-file=$(SRCROOT)/DocumentBrowser.xcodeproj/GeneratedModuleMap/NimbleCwlCatchExceptionSupport/module.modulemap",
               "-Xcc",
               "-fmodule-map-file=$(SRCROOT)/DocumentBrowser.xcodeproj/GeneratedModuleMap/NimbleCwlMachBadInstructionHandler/module.modulemap"
            );
            PRODUCT_BUNDLE_IDENTIFIER = "Nimble";
            PRODUCT_MODULE_NAME = "$(TARGET_NAME:c99extidentifier)";
            PRODUCT_NAME = "$(TARGET_NAME:c99extidentifier)";
            SKIP_INSTALL = "YES";
            SWIFT_ACTIVE_COMPILATION_CONDITIONS = (
               "$(inherited)"
            );
            SWIFT_VERSION = "5.0";
            TARGET_NAME = "Nimble";
            TVOS_DEPLOYMENT_TARGET = "9.0";
            WATCHOS_DEPLOYMENT_TARGET = "2.0";
         };
         name = "Debug";
      };
      "OBJ_224" = {
         isa = "XCBuildConfiguration";
         buildSettings = {
            ENABLE_TESTABILITY = "YES";
            FRAMEWORK_SEARCH_PATHS = (
               "$(inherited)",
               "$(PLATFORM_DIR)/Developer/Library/Frameworks"
            );
            HEADER_SEARCH_PATHS = (
               "$(inherited)",
               "$(SRCROOT)/.build/checkouts/Nimble/Carthage/Checkouts/CwlPreconditionTesting/Dependencies/CwlCatchException/Sources/CwlCatchExceptionSupport/include",
               "$(SRCROOT)/.build/checkouts/Nimble/Carthage/Checkouts/CwlPreconditionTesting/Sources/CwlMachBadInstructionHandler/include",
               "$(SRCROOT)/DocumentBrowser.xcodeproj/GeneratedModuleMap/NimbleCwlCatchExceptionSupport",
               "$(SRCROOT)/DocumentBrowser.xcodeproj/GeneratedModuleMap/NimbleCwlMachBadInstructionHandler"
            );
            INFOPLIST_FILE = "DocumentBrowser.xcodeproj/Nimble_Info.plist";
            IPHONEOS_DEPLOYMENT_TARGET = "8.0";
            LD_RUNPATH_SEARCH_PATHS = (
               "$(inherited)",
               "$(TOOLCHAIN_DIR)/usr/lib/swift/macosx"
            );
            MACOSX_DEPLOYMENT_TARGET = "10.10";
            OTHER_CFLAGS = (
               "$(inherited)"
            );
            OTHER_LDFLAGS = (
               "$(inherited)"
            );
            OTHER_SWIFT_FLAGS = (
               "$(inherited)",
               "-Xcc",
               "-fmodule-map-file=$(SRCROOT)/DocumentBrowser.xcodeproj/GeneratedModuleMap/NimbleCwlCatchExceptionSupport/module.modulemap",
               "-Xcc",
               "-fmodule-map-file=$(SRCROOT)/DocumentBrowser.xcodeproj/GeneratedModuleMap/NimbleCwlMachBadInstructionHandler/module.modulemap"
            );
            PRODUCT_BUNDLE_IDENTIFIER = "Nimble";
            PRODUCT_MODULE_NAME = "$(TARGET_NAME:c99extidentifier)";
            PRODUCT_NAME = "$(TARGET_NAME:c99extidentifier)";
            SKIP_INSTALL = "YES";
            SWIFT_ACTIVE_COMPILATION_CONDITIONS = (
               "$(inherited)"
            );
            SWIFT_VERSION = "5.0";
            TARGET_NAME = "Nimble";
            TVOS_DEPLOYMENT_TARGET = "9.0";
            WATCHOS_DEPLOYMENT_TARGET = "2.0";
         };
         name = "Release";
      };
      "OBJ_225" = {
         isa = "PBXSourcesBuildPhase";
         files = (
            "OBJ_226",
            "OBJ_227",
            "OBJ_228",
            "OBJ_229",
            "OBJ_230",
            "OBJ_231",
            "OBJ_232",
            "OBJ_233",
            "OBJ_234",
            "OBJ_235",
            "OBJ_236",
            "OBJ_237",
            "OBJ_238",
            "OBJ_239",
            "OBJ_240",
            "OBJ_241",
            "OBJ_242",
            "OBJ_243",
            "OBJ_244",
            "OBJ_245",
            "OBJ_246",
            "OBJ_247",
            "OBJ_248",
            "OBJ_249",
            "OBJ_250",
            "OBJ_251",
            "OBJ_252",
            "OBJ_253",
            "OBJ_254",
            "OBJ_255",
            "OBJ_256",
            "OBJ_257",
            "OBJ_258",
            "OBJ_259",
            "OBJ_260",
            "OBJ_261",
            "OBJ_262",
            "OBJ_263",
            "OBJ_264",
            "OBJ_265",
            "OBJ_266",
            "OBJ_267",
            "OBJ_268",
            "OBJ_269",
            "OBJ_270",
            "OBJ_271",
            "OBJ_272",
            "OBJ_273",
            "OBJ_274",
            "OBJ_275",
            "OBJ_276",
            "OBJ_277"
         );
      };
      "OBJ_226" = {
         isa = "PBXBuildFile";
         fileRef = "OBJ_70";
      };
      "OBJ_227" = {
         isa = "PBXBuildFile";
         fileRef = "OBJ_71";
      };
      "OBJ_228" = {
         isa = "PBXBuildFile";
         fileRef = "OBJ_72";
      };
      "OBJ_229" = {
         isa = "PBXBuildFile";
         fileRef = "OBJ_73";
      };
      "OBJ_23" = {
         isa = "PBXFileReference";
         path = "DocumentBrowserViewControllerFactorySpec.swift";
         sourceTree = "<group>";
      };
      "OBJ_230" = {
         isa = "PBXBuildFile";
         fileRef = "OBJ_74";
      };
      "OBJ_231" = {
         isa = "PBXBuildFile";
         fileRef = "OBJ_75";
      };
      "OBJ_232" = {
         isa = "PBXBuildFile";
         fileRef = "OBJ_76";
      };
      "OBJ_233" = {
         isa = "PBXBuildFile";
         fileRef = "OBJ_78";
      };
      "OBJ_234" = {
         isa = "PBXBuildFile";
         fileRef = "OBJ_79";
      };
      "OBJ_235" = {
         isa = "PBXBuildFile";
         fileRef = "OBJ_80";
      };
      "OBJ_236" = {
         isa = "PBXBuildFile";
         fileRef = "OBJ_81";
      };
      "OBJ_237" = {
         isa = "PBXBuildFile";
         fileRef = "OBJ_82";
      };
      "OBJ_238" = {
         isa = "PBXBuildFile";
         fileRef = "OBJ_83";
      };
      "OBJ_239" = {
         isa = "PBXBuildFile";
         fileRef = "OBJ_84";
      };
      "OBJ_24" = {
         isa = "PBXGroup";
         children = (
            "OBJ_25",
            "OBJ_26",
            "OBJ_27",
            "OBJ_28",
            "OBJ_29",
            "OBJ_30"
         );
         name = "Doubles";
         path = "Doubles";
         sourceTree = "<group>";
      };
      "OBJ_240" = {
         isa = "PBXBuildFile";
         fileRef = "OBJ_86";
      };
      "OBJ_241" = {
         isa = "PBXBuildFile";
         fileRef = "OBJ_87";
      };
      "OBJ_242" = {
         isa = "PBXBuildFile";
         fileRef = "OBJ_88";
      };
      "OBJ_243" = {
         isa = "PBXBuildFile";
         fileRef = "OBJ_89";
      };
      "OBJ_244" = {
         isa = "PBXBuildFile";
         fileRef = "OBJ_90";
      };
      "OBJ_245" = {
         isa = "PBXBuildFile";
         fileRef = "OBJ_91";
      };
      "OBJ_246" = {
         isa = "PBXBuildFile";
         fileRef = "OBJ_92";
      };
      "OBJ_247" = {
         isa = "PBXBuildFile";
         fileRef = "OBJ_93";
      };
      "OBJ_248" = {
         isa = "PBXBuildFile";
         fileRef = "OBJ_94";
      };
      "OBJ_249" = {
         isa = "PBXBuildFile";
         fileRef = "OBJ_95";
      };
      "OBJ_25" = {
         isa = "PBXFileReference";
         path = "DocumentBrowserViewControllerFactoryDouble.swift";
         sourceTree = "<group>";
      };
      "OBJ_250" = {
         isa = "PBXBuildFile";
         fileRef = "OBJ_96";
      };
      "OBJ_251" = {
         isa = "PBXBuildFile";
         fileRef = "OBJ_97";
      };
      "OBJ_252" = {
         isa = "PBXBuildFile";
         fileRef = "OBJ_98";
      };
      "OBJ_253" = {
         isa = "PBXBuildFile";
         fileRef = "OBJ_99";
      };
      "OBJ_254" = {
         isa = "PBXBuildFile";
         fileRef = "OBJ_100";
      };
      "OBJ_255" = {
         isa = "PBXBuildFile";
         fileRef = "OBJ_101";
      };
      "OBJ_256" = {
         isa = "PBXBuildFile";
         fileRef = "OBJ_102";
      };
      "OBJ_257" = {
         isa = "PBXBuildFile";
         fileRef = "OBJ_103";
      };
      "OBJ_258" = {
         isa = "PBXBuildFile";
         fileRef = "OBJ_104";
      };
      "OBJ_259" = {
         isa = "PBXBuildFile";
         fileRef = "OBJ_105";
      };
      "OBJ_26" = {
         isa = "PBXFileReference";
         path = "DocumentCreatorDouble.swift";
         sourceTree = "<group>";
      };
      "OBJ_260" = {
         isa = "PBXBuildFile";
         fileRef = "OBJ_106";
      };
      "OBJ_261" = {
         isa = "PBXBuildFile";
         fileRef = "OBJ_107";
      };
      "OBJ_262" = {
         isa = "PBXBuildFile";
         fileRef = "OBJ_108";
      };
      "OBJ_263" = {
         isa = "PBXBuildFile";
         fileRef = "OBJ_109";
      };
      "OBJ_264" = {
         isa = "PBXBuildFile";
         fileRef = "OBJ_110";
      };
      "OBJ_265" = {
         isa = "PBXBuildFile";
         fileRef = "OBJ_111";
      };
      "OBJ_266" = {
         isa = "PBXBuildFile";
         fileRef = "OBJ_112";
      };
      "OBJ_267" = {
         isa = "PBXBuildFile";
         fileRef = "OBJ_113";
      };
      "OBJ_268" = {
         isa = "PBXBuildFile";
         fileRef = "OBJ_114";
      };
      "OBJ_269" = {
         isa = "PBXBuildFile";
         fileRef = "OBJ_115";
      };
      "OBJ_27" = {
         isa = "PBXFileReference";
         path = "DocumentInitializerDouble.swift";
         sourceTree = "<group>";
      };
      "OBJ_270" = {
         isa = "PBXBuildFile";
         fileRef = "OBJ_116";
      };
      "OBJ_271" = {
         isa = "PBXBuildFile";
         fileRef = "OBJ_117";
      };
      "OBJ_272" = {
         isa = "PBXBuildFile";
         fileRef = "OBJ_118";
      };
      "OBJ_273" = {
         isa = "PBXBuildFile";
         fileRef = "OBJ_120";
      };
      "OBJ_274" = {
         isa = "PBXBuildFile";
         fileRef = "OBJ_121";
      };
      "OBJ_275" = {
         isa = "PBXBuildFile";
         fileRef = "OBJ_122";
      };
      "OBJ_276" = {
         isa = "PBXBuildFile";
         fileRef = "OBJ_123";
      };
      "OBJ_277" = {
         isa = "PBXBuildFile";
         fileRef = "OBJ_124";
      };
      "OBJ_278" = {
         isa = "PBXFrameworksBuildPhase";
         files = (
            "OBJ_279",
            "OBJ_280",
            "OBJ_281",
            "OBJ_282"
         );
      };
      "OBJ_279" = {
         isa = "PBXBuildFile";
         fileRef = "Nimble::NimbleCwlPreconditionTesting::Product";
      };
      "OBJ_28" = {
         isa = "PBXFileReference";
         path = "DocumentPresenterDouble.swift";
         sourceTree = "<group>";
      };
      "OBJ_280" = {
         isa = "PBXBuildFile";
         fileRef = "Nimble::NimbleCwlCatchException::Product";
      };
      "OBJ_281" = {
         isa = "PBXBuildFile";
         fileRef = "Nimble::NimbleCwlCatchExceptionSupport::Product";
      };
      "OBJ_282" = {
         isa = "PBXBuildFile";
         fileRef = "Nimble::NimbleCwlMachBadInstructionHandler::Product";
      };
      "OBJ_283" = {
         isa = "PBXTargetDependency";
         target = "Nimble::NimbleCwlPreconditionTesting";
      };
      "OBJ_284" = {
         isa = "PBXTargetDependency";
         target = "Nimble::NimbleCwlCatchException";
      };
      "OBJ_285" = {
         isa = "PBXTargetDependency";
         target = "Nimble::NimbleCwlCatchExceptionSupport";
      };
      "OBJ_286" = {
         isa = "PBXTargetDependency";
         target = "Nimble::NimbleCwlMachBadInstructionHandler";
      };
      "OBJ_287" = {
         isa = "XCConfigurationList";
         buildConfigurations = (
            "OBJ_288",
            "OBJ_289"
         );
         defaultConfigurationIsVisible = "0";
         defaultConfigurationName = "Release";
      };
      "OBJ_288" = {
         isa = "XCBuildConfiguration";
         buildSettings = {
            ENABLE_TESTABILITY = "YES";
            FRAMEWORK_SEARCH_PATHS = (
               "$(inherited)",
               "$(PLATFORM_DIR)/Developer/Library/Frameworks"
            );
            HEADER_SEARCH_PATHS = (
               "$(inherited)",
               "$(SRCROOT)/.build/checkouts/Nimble/Carthage/Checkouts/CwlPreconditionTesting/Dependencies/CwlCatchException/Sources/CwlCatchExceptionSupport/include",
               "$(SRCROOT)/DocumentBrowser.xcodeproj/GeneratedModuleMap/NimbleCwlCatchExceptionSupport"
            );
            INFOPLIST_FILE = "DocumentBrowser.xcodeproj/NimbleCwlCatchException_Info.plist";
            IPHONEOS_DEPLOYMENT_TARGET = "8.0";
            LD_RUNPATH_SEARCH_PATHS = (
               "$(inherited)",
               "$(TOOLCHAIN_DIR)/usr/lib/swift/macosx"
            );
            MACOSX_DEPLOYMENT_TARGET = "10.10";
            OTHER_CFLAGS = (
               "$(inherited)"
            );
            OTHER_LDFLAGS = (
               "$(inherited)"
            );
            OTHER_SWIFT_FLAGS = (
               "$(inherited)",
               "-Xcc",
               "-fmodule-map-file=$(SRCROOT)/DocumentBrowser.xcodeproj/GeneratedModuleMap/NimbleCwlCatchExceptionSupport/module.modulemap"
            );
            PRODUCT_BUNDLE_IDENTIFIER = "NimbleCwlCatchException";
            PRODUCT_MODULE_NAME = "$(TARGET_NAME:c99extidentifier)";
            PRODUCT_NAME = "$(TARGET_NAME:c99extidentifier)";
            SKIP_INSTALL = "YES";
            SWIFT_ACTIVE_COMPILATION_CONDITIONS = (
               "$(inherited)"
            );
            SWIFT_VERSION = "5.0";
            TARGET_NAME = "NimbleCwlCatchException";
            TVOS_DEPLOYMENT_TARGET = "9.0";
            WATCHOS_DEPLOYMENT_TARGET = "2.0";
         };
         name = "Debug";
      };
      "OBJ_289" = {
         isa = "XCBuildConfiguration";
         buildSettings = {
            ENABLE_TESTABILITY = "YES";
            FRAMEWORK_SEARCH_PATHS = (
               "$(inherited)",
               "$(PLATFORM_DIR)/Developer/Library/Frameworks"
            );
            HEADER_SEARCH_PATHS = (
               "$(inherited)",
               "$(SRCROOT)/.build/checkouts/Nimble/Carthage/Checkouts/CwlPreconditionTesting/Dependencies/CwlCatchException/Sources/CwlCatchExceptionSupport/include",
               "$(SRCROOT)/DocumentBrowser.xcodeproj/GeneratedModuleMap/NimbleCwlCatchExceptionSupport"
            );
            INFOPLIST_FILE = "DocumentBrowser.xcodeproj/NimbleCwlCatchException_Info.plist";
            IPHONEOS_DEPLOYMENT_TARGET = "8.0";
            LD_RUNPATH_SEARCH_PATHS = (
               "$(inherited)",
               "$(TOOLCHAIN_DIR)/usr/lib/swift/macosx"
            );
            MACOSX_DEPLOYMENT_TARGET = "10.10";
            OTHER_CFLAGS = (
               "$(inherited)"
            );
            OTHER_LDFLAGS = (
               "$(inherited)"
            );
            OTHER_SWIFT_FLAGS = (
               "$(inherited)",
               "-Xcc",
               "-fmodule-map-file=$(SRCROOT)/DocumentBrowser.xcodeproj/GeneratedModuleMap/NimbleCwlCatchExceptionSupport/module.modulemap"
            );
            PRODUCT_BUNDLE_IDENTIFIER = "NimbleCwlCatchException";
            PRODUCT_MODULE_NAME = "$(TARGET_NAME:c99extidentifier)";
            PRODUCT_NAME = "$(TARGET_NAME:c99extidentifier)";
            SKIP_INSTALL = "YES";
            SWIFT_ACTIVE_COMPILATION_CONDITIONS = (
               "$(inherited)"
            );
            SWIFT_VERSION = "5.0";
            TARGET_NAME = "NimbleCwlCatchException";
            TVOS_DEPLOYMENT_TARGET = "9.0";
            WATCHOS_DEPLOYMENT_TARGET = "2.0";
         };
         name = "Release";
      };
      "OBJ_29" = {
         isa = "PBXFileReference";
         path = "UIDocumentBrowserViewControllerDouble.swift";
         sourceTree = "<group>";
      };
      "OBJ_290" = {
         isa = "PBXSourcesBuildPhase";
         files = (
            "OBJ_291"
         );
      };
      "OBJ_291" = {
         isa = "PBXBuildFile";
         fileRef = "OBJ_126";
      };
      "OBJ_292" = {
         isa = "PBXFrameworksBuildPhase";
         files = (
            "OBJ_293"
         );
      };
      "OBJ_293" = {
         isa = "PBXBuildFile";
         fileRef = "Nimble::NimbleCwlCatchExceptionSupport::Product";
      };
      "OBJ_294" = {
         isa = "PBXTargetDependency";
         target = "Nimble::NimbleCwlCatchExceptionSupport";
      };
      "OBJ_295" = {
         isa = "XCConfigurationList";
         buildConfigurations = (
            "OBJ_296",
            "OBJ_297"
         );
         defaultConfigurationIsVisible = "0";
         defaultConfigurationName = "Release";
      };
      "OBJ_296" = {
         isa = "XCBuildConfiguration";
         buildSettings = {
            DEFINES_MODULE = "NO";
            ENABLE_TESTABILITY = "YES";
            FRAMEWORK_SEARCH_PATHS = (
               "$(inherited)",
               "$(PLATFORM_DIR)/Developer/Library/Frameworks"
            );
            HEADER_SEARCH_PATHS = (
               "$(inherited)",
               "$(SRCROOT)/.build/checkouts/Nimble/Carthage/Checkouts/CwlPreconditionTesting/Dependencies/CwlCatchException/Sources/CwlCatchExceptionSupport/include"
            );
            INFOPLIST_FILE = "DocumentBrowser.xcodeproj/NimbleCwlCatchExceptionSupport_Info.plist";
            IPHONEOS_DEPLOYMENT_TARGET = "8.0";
            LD_RUNPATH_SEARCH_PATHS = (
               "$(inherited)",
               "$(TOOLCHAIN_DIR)/usr/lib/swift/macosx"
            );
            MACOSX_DEPLOYMENT_TARGET = "10.10";
            OTHER_CFLAGS = (
               "$(inherited)"
            );
            OTHER_LDFLAGS = (
               "$(inherited)"
            );
            OTHER_SWIFT_FLAGS = (
               "$(inherited)"
            );
            PRODUCT_BUNDLE_IDENTIFIER = "NimbleCwlCatchExceptionSupport";
            PRODUCT_MODULE_NAME = "$(TARGET_NAME:c99extidentifier)";
            PRODUCT_NAME = "$(TARGET_NAME:c99extidentifier)";
            SKIP_INSTALL = "YES";
            SWIFT_ACTIVE_COMPILATION_CONDITIONS = (
               "$(inherited)"
            );
            TARGET_NAME = "NimbleCwlCatchExceptionSupport";
            TVOS_DEPLOYMENT_TARGET = "9.0";
            WATCHOS_DEPLOYMENT_TARGET = "2.0";
         };
         name = "Debug";
      };
      "OBJ_297" = {
         isa = "XCBuildConfiguration";
         buildSettings = {
            DEFINES_MODULE = "NO";
            ENABLE_TESTABILITY = "YES";
            FRAMEWORK_SEARCH_PATHS = (
               "$(inherited)",
               "$(PLATFORM_DIR)/Developer/Library/Frameworks"
            );
            HEADER_SEARCH_PATHS = (
               "$(inherited)",
               "$(SRCROOT)/.build/checkouts/Nimble/Carthage/Checkouts/CwlPreconditionTesting/Dependencies/CwlCatchException/Sources/CwlCatchExceptionSupport/include"
            );
            INFOPLIST_FILE = "DocumentBrowser.xcodeproj/NimbleCwlCatchExceptionSupport_Info.plist";
            IPHONEOS_DEPLOYMENT_TARGET = "8.0";
            LD_RUNPATH_SEARCH_PATHS = (
               "$(inherited)",
               "$(TOOLCHAIN_DIR)/usr/lib/swift/macosx"
            );
            MACOSX_DEPLOYMENT_TARGET = "10.10";
            OTHER_CFLAGS = (
               "$(inherited)"
            );
            OTHER_LDFLAGS = (
               "$(inherited)"
            );
            OTHER_SWIFT_FLAGS = (
               "$(inherited)"
            );
            PRODUCT_BUNDLE_IDENTIFIER = "NimbleCwlCatchExceptionSupport";
            PRODUCT_MODULE_NAME = "$(TARGET_NAME:c99extidentifier)";
            PRODUCT_NAME = "$(TARGET_NAME:c99extidentifier)";
            SKIP_INSTALL = "YES";
            SWIFT_ACTIVE_COMPILATION_CONDITIONS = (
               "$(inherited)"
            );
            TARGET_NAME = "NimbleCwlCatchExceptionSupport";
            TVOS_DEPLOYMENT_TARGET = "9.0";
            WATCHOS_DEPLOYMENT_TARGET = "2.0";
         };
         name = "Release";
      };
      "OBJ_298" = {
         isa = "PBXSourcesBuildPhase";
         files = (
            "OBJ_299"
         );
      };
      "OBJ_299" = {
         isa = "PBXBuildFile";
         fileRef = "OBJ_128";
      };
      "OBJ_3" = {
         isa = "XCBuildConfiguration";
         buildSettings = {
            CLANG_ENABLE_OBJC_ARC = "YES";
            COMBINE_HIDPI_IMAGES = "YES";
            COPY_PHASE_STRIP = "NO";
            DEBUG_INFORMATION_FORMAT = "dwarf";
            DYLIB_INSTALL_NAME_BASE = "@rpath";
            ENABLE_NS_ASSERTIONS = "YES";
            GCC_OPTIMIZATION_LEVEL = "0";
            GCC_PREPROCESSOR_DEFINITIONS = (
               "$(inherited)",
               "SWIFT_PACKAGE=1",
               "DEBUG=1"
            );
            MACOSX_DEPLOYMENT_TARGET = "10.10";
            ONLY_ACTIVE_ARCH = "YES";
            OTHER_SWIFT_FLAGS = (
               "$(inherited)",
               "-DXcode"
            );
            PRODUCT_NAME = "$(TARGET_NAME)";
            SDKROOT = "macosx";
            SUPPORTED_PLATFORMS = (
               "macosx",
               "iphoneos",
               "iphonesimulator",
               "appletvos",
               "appletvsimulator",
               "watchos",
               "watchsimulator"
            );
            SWIFT_ACTIVE_COMPILATION_CONDITIONS = (
               "$(inherited)",
               "SWIFT_PACKAGE",
               "DEBUG"
            );
            SWIFT_OPTIMIZATION_LEVEL = "-Onone";
            USE_HEADERMAP = "NO";
         };
         name = "Debug";
      };
      "OBJ_30" = {
         isa = "PBXFileReference";
         path = "UIDocumentDouble.swift";
         sourceTree = "<group>";
      };
      "OBJ_300" = {
         isa = "PBXFrameworksBuildPhase";
         files = (
         );
      };
      "OBJ_301" = {
         isa = "XCConfigurationList";
         buildConfigurations = (
            "OBJ_302",
            "OBJ_303"
         );
         defaultConfigurationIsVisible = "0";
         defaultConfigurationName = "Release";
      };
      "OBJ_302" = {
         isa = "XCBuildConfiguration";
         buildSettings = {
            DEFINES_MODULE = "NO";
            ENABLE_TESTABILITY = "YES";
            FRAMEWORK_SEARCH_PATHS = (
               "$(inherited)",
               "$(PLATFORM_DIR)/Developer/Library/Frameworks"
            );
            HEADER_SEARCH_PATHS = (
               "$(inherited)",
               "$(SRCROOT)/.build/checkouts/Nimble/Carthage/Checkouts/CwlPreconditionTesting/Sources/CwlMachBadInstructionHandler/include"
            );
            INFOPLIST_FILE = "DocumentBrowser.xcodeproj/NimbleCwlMachBadInstructionHandler_Info.plist";
            IPHONEOS_DEPLOYMENT_TARGET = "8.0";
            LD_RUNPATH_SEARCH_PATHS = (
               "$(inherited)",
               "$(TOOLCHAIN_DIR)/usr/lib/swift/macosx"
            );
            MACOSX_DEPLOYMENT_TARGET = "10.10";
            OTHER_CFLAGS = (
               "$(inherited)"
            );
            OTHER_LDFLAGS = (
               "$(inherited)"
            );
            OTHER_SWIFT_FLAGS = (
               "$(inherited)"
            );
            PRODUCT_BUNDLE_IDENTIFIER = "NimbleCwlMachBadInstructionHandler";
            PRODUCT_MODULE_NAME = "$(TARGET_NAME:c99extidentifier)";
            PRODUCT_NAME = "$(TARGET_NAME:c99extidentifier)";
            SKIP_INSTALL = "YES";
            SWIFT_ACTIVE_COMPILATION_CONDITIONS = (
               "$(inherited)"
            );
            TARGET_NAME = "NimbleCwlMachBadInstructionHandler";
            TVOS_DEPLOYMENT_TARGET = "9.0";
            WATCHOS_DEPLOYMENT_TARGET = "2.0";
         };
         name = "Debug";
      };
      "OBJ_303" = {
         isa = "XCBuildConfiguration";
         buildSettings = {
            DEFINES_MODULE = "NO";
            ENABLE_TESTABILITY = "YES";
            FRAMEWORK_SEARCH_PATHS = (
               "$(inherited)",
               "$(PLATFORM_DIR)/Developer/Library/Frameworks"
            );
            HEADER_SEARCH_PATHS = (
               "$(inherited)",
               "$(SRCROOT)/.build/checkouts/Nimble/Carthage/Checkouts/CwlPreconditionTesting/Sources/CwlMachBadInstructionHandler/include"
            );
            INFOPLIST_FILE = "DocumentBrowser.xcodeproj/NimbleCwlMachBadInstructionHandler_Info.plist";
            IPHONEOS_DEPLOYMENT_TARGET = "8.0";
            LD_RUNPATH_SEARCH_PATHS = (
               "$(inherited)",
               "$(TOOLCHAIN_DIR)/usr/lib/swift/macosx"
            );
            MACOSX_DEPLOYMENT_TARGET = "10.10";
            OTHER_CFLAGS = (
               "$(inherited)"
            );
            OTHER_LDFLAGS = (
               "$(inherited)"
            );
            OTHER_SWIFT_FLAGS = (
               "$(inherited)"
            );
            PRODUCT_BUNDLE_IDENTIFIER = "NimbleCwlMachBadInstructionHandler";
            PRODUCT_MODULE_NAME = "$(TARGET_NAME:c99extidentifier)";
            PRODUCT_NAME = "$(TARGET_NAME:c99extidentifier)";
            SKIP_INSTALL = "YES";
            SWIFT_ACTIVE_COMPILATION_CONDITIONS = (
               "$(inherited)"
            );
            TARGET_NAME = "NimbleCwlMachBadInstructionHandler";
            TVOS_DEPLOYMENT_TARGET = "9.0";
            WATCHOS_DEPLOYMENT_TARGET = "2.0";
         };
         name = "Release";
      };
      "OBJ_304" = {
         isa = "PBXSourcesBuildPhase";
         files = (
            "OBJ_305",
            "OBJ_306"
         );
      };
      "OBJ_305" = {
         isa = "PBXBuildFile";
         fileRef = "OBJ_133";
      };
      "OBJ_306" = {
         isa = "PBXBuildFile";
         fileRef = "OBJ_134";
      };
      "OBJ_307" = {
         isa = "PBXFrameworksBuildPhase";
         files = (
         );
      };
      "OBJ_308" = {
         isa = "XCConfigurationList";
         buildConfigurations = (
            "OBJ_309",
            "OBJ_310"
         );
         defaultConfigurationIsVisible = "0";
         defaultConfigurationName = "Release";
      };
      "OBJ_309" = {
         isa = "XCBuildConfiguration";
         buildSettings = {
            ENABLE_TESTABILITY = "YES";
            FRAMEWORK_SEARCH_PATHS = (
               "$(inherited)",
               "$(PLATFORM_DIR)/Developer/Library/Frameworks"
            );
            HEADER_SEARCH_PATHS = (
               "$(inherited)",
               "$(SRCROOT)/.build/checkouts/Nimble/Carthage/Checkouts/CwlPreconditionTesting/Dependencies/CwlCatchException/Sources/CwlCatchExceptionSupport/include",
               "$(SRCROOT)/.build/checkouts/Nimble/Carthage/Checkouts/CwlPreconditionTesting/Sources/CwlMachBadInstructionHandler/include",
               "$(SRCROOT)/DocumentBrowser.xcodeproj/GeneratedModuleMap/NimbleCwlCatchExceptionSupport",
               "$(SRCROOT)/DocumentBrowser.xcodeproj/GeneratedModuleMap/NimbleCwlMachBadInstructionHandler"
            );
            INFOPLIST_FILE = "DocumentBrowser.xcodeproj/NimbleCwlPreconditionTesting_Info.plist";
            IPHONEOS_DEPLOYMENT_TARGET = "8.0";
            LD_RUNPATH_SEARCH_PATHS = (
               "$(inherited)",
               "$(TOOLCHAIN_DIR)/usr/lib/swift/macosx"
            );
            MACOSX_DEPLOYMENT_TARGET = "10.10";
            OTHER_CFLAGS = (
               "$(inherited)"
            );
            OTHER_LDFLAGS = (
               "$(inherited)"
            );
            OTHER_SWIFT_FLAGS = (
               "$(inherited)",
               "-Xcc",
               "-fmodule-map-file=$(SRCROOT)/DocumentBrowser.xcodeproj/GeneratedModuleMap/NimbleCwlCatchExceptionSupport/module.modulemap",
               "-Xcc",
               "-fmodule-map-file=$(SRCROOT)/DocumentBrowser.xcodeproj/GeneratedModuleMap/NimbleCwlMachBadInstructionHandler/module.modulemap"
            );
            PRODUCT_BUNDLE_IDENTIFIER = "NimbleCwlPreconditionTesting";
            PRODUCT_MODULE_NAME = "$(TARGET_NAME:c99extidentifier)";
            PRODUCT_NAME = "$(TARGET_NAME:c99extidentifier)";
            SKIP_INSTALL = "YES";
            SWIFT_ACTIVE_COMPILATION_CONDITIONS = (
               "$(inherited)"
            );
            SWIFT_VERSION = "5.0";
            TARGET_NAME = "NimbleCwlPreconditionTesting";
            TVOS_DEPLOYMENT_TARGET = "9.0";
            WATCHOS_DEPLOYMENT_TARGET = "2.0";
         };
         name = "Debug";
      };
      "OBJ_31" = {
         isa = "PBXFileReference";
         path = "EmptyDocumentCreatorSpec.swift";
         sourceTree = "<group>";
      };
      "OBJ_310" = {
         isa = "XCBuildConfiguration";
         buildSettings = {
            ENABLE_TESTABILITY = "YES";
            FRAMEWORK_SEARCH_PATHS = (
               "$(inherited)",
               "$(PLATFORM_DIR)/Developer/Library/Frameworks"
            );
            HEADER_SEARCH_PATHS = (
               "$(inherited)",
               "$(SRCROOT)/.build/checkouts/Nimble/Carthage/Checkouts/CwlPreconditionTesting/Dependencies/CwlCatchException/Sources/CwlCatchExceptionSupport/include",
               "$(SRCROOT)/.build/checkouts/Nimble/Carthage/Checkouts/CwlPreconditionTesting/Sources/CwlMachBadInstructionHandler/include",
               "$(SRCROOT)/DocumentBrowser.xcodeproj/GeneratedModuleMap/NimbleCwlCatchExceptionSupport",
               "$(SRCROOT)/DocumentBrowser.xcodeproj/GeneratedModuleMap/NimbleCwlMachBadInstructionHandler"
            );
            INFOPLIST_FILE = "DocumentBrowser.xcodeproj/NimbleCwlPreconditionTesting_Info.plist";
            IPHONEOS_DEPLOYMENT_TARGET = "8.0";
            LD_RUNPATH_SEARCH_PATHS = (
               "$(inherited)",
               "$(TOOLCHAIN_DIR)/usr/lib/swift/macosx"
            );
            MACOSX_DEPLOYMENT_TARGET = "10.10";
            OTHER_CFLAGS = (
               "$(inherited)"
            );
            OTHER_LDFLAGS = (
               "$(inherited)"
            );
            OTHER_SWIFT_FLAGS = (
               "$(inherited)",
               "-Xcc",
               "-fmodule-map-file=$(SRCROOT)/DocumentBrowser.xcodeproj/GeneratedModuleMap/NimbleCwlCatchExceptionSupport/module.modulemap",
               "-Xcc",
               "-fmodule-map-file=$(SRCROOT)/DocumentBrowser.xcodeproj/GeneratedModuleMap/NimbleCwlMachBadInstructionHandler/module.modulemap"
            );
            PRODUCT_BUNDLE_IDENTIFIER = "NimbleCwlPreconditionTesting";
            PRODUCT_MODULE_NAME = "$(TARGET_NAME:c99extidentifier)";
            PRODUCT_NAME = "$(TARGET_NAME:c99extidentifier)";
            SKIP_INSTALL = "YES";
            SWIFT_ACTIVE_COMPILATION_CONDITIONS = (
               "$(inherited)"
            );
            SWIFT_VERSION = "5.0";
            TARGET_NAME = "NimbleCwlPreconditionTesting";
            TVOS_DEPLOYMENT_TARGET = "9.0";
            WATCHOS_DEPLOYMENT_TARGET = "2.0";
         };
         name = "Release";
      };
      "OBJ_311" = {
         isa = "PBXSourcesBuildPhase";
         files = (
            "OBJ_312",
            "OBJ_313",
            "OBJ_314"
         );
      };
      "OBJ_312" = {
         isa = "PBXBuildFile";
         fileRef = "OBJ_139";
      };
      "OBJ_313" = {
         isa = "PBXBuildFile";
         fileRef = "OBJ_140";
      };
      "OBJ_314" = {
         isa = "PBXBuildFile";
         fileRef = "OBJ_141";
      };
      "OBJ_315" = {
         isa = "PBXFrameworksBuildPhase";
         files = (
            "OBJ_316",
            "OBJ_317",
            "OBJ_318"
         );
      };
      "OBJ_316" = {
         isa = "PBXBuildFile";
         fileRef = "Nimble::NimbleCwlCatchException::Product";
      };
      "OBJ_317" = {
         isa = "PBXBuildFile";
         fileRef = "Nimble::NimbleCwlCatchExceptionSupport::Product";
      };
      "OBJ_318" = {
         isa = "PBXBuildFile";
         fileRef = "Nimble::NimbleCwlMachBadInstructionHandler::Product";
      };
      "OBJ_319" = {
         isa = "PBXTargetDependency";
         target = "Nimble::NimbleCwlCatchException";
      };
      "OBJ_32" = {
         isa = "PBXFileReference";
         path = "TemplateDocumentCreatorSpec.swift";
         sourceTree = "<group>";
      };
      "OBJ_320" = {
         isa = "PBXTargetDependency";
         target = "Nimble::NimbleCwlCatchExceptionSupport";
      };
      "OBJ_321" = {
         isa = "PBXTargetDependency";
         target = "Nimble::NimbleCwlMachBadInstructionHandler";
      };
      "OBJ_323" = {
         isa = "XCConfigurationList";
         buildConfigurations = (
            "OBJ_324",
            "OBJ_325"
         );
         defaultConfigurationIsVisible = "0";
         defaultConfigurationName = "Release";
      };
      "OBJ_324" = {
         isa = "XCBuildConfiguration";
         buildSettings = {
            LD = "/usr/bin/true";
            OTHER_SWIFT_FLAGS = (
               "-swift-version",
               "5",
               "-I",
               "$(TOOLCHAIN_DIR)/usr/lib/swift/pm/4_2",
               "-target",
               "x86_64-apple-macosx10.10",
               "-sdk",
               "/Applications/Xcode.app/Contents/Developer/Platforms/MacOSX.platform/Developer/SDKs/MacOSX10.15.sdk",
               "-package-description-version",
               "5.0.0"
            );
            SWIFT_VERSION = "5.0";
         };
         name = "Debug";
      };
      "OBJ_325" = {
         isa = "XCBuildConfiguration";
         buildSettings = {
            LD = "/usr/bin/true";
            OTHER_SWIFT_FLAGS = (
               "-swift-version",
               "5",
               "-I",
               "$(TOOLCHAIN_DIR)/usr/lib/swift/pm/4_2",
               "-target",
               "x86_64-apple-macosx10.10",
               "-sdk",
               "/Applications/Xcode.app/Contents/Developer/Platforms/MacOSX.platform/Developer/SDKs/MacOSX10.15.sdk",
               "-package-description-version",
               "5.0.0"
            );
            SWIFT_VERSION = "5.0";
         };
         name = "Release";
      };
      "OBJ_326" = {
         isa = "PBXSourcesBuildPhase";
         files = (
            "OBJ_327"
         );
      };
      "OBJ_327" = {
         isa = "PBXBuildFile";
         fileRef = "OBJ_142";
      };
      "OBJ_328" = {
         isa = "XCConfigurationList";
         buildConfigurations = (
            "OBJ_329",
            "OBJ_330"
         );
         defaultConfigurationIsVisible = "0";
         defaultConfigurationName = "Release";
      };
      "OBJ_329" = {
         isa = "XCBuildConfiguration";
         buildSettings = {
            ENABLE_TESTABILITY = "YES";
            FRAMEWORK_SEARCH_PATHS = (
               "$(inherited)",
               "$(PLATFORM_DIR)/Developer/Library/Frameworks"
            );
            HEADER_SEARCH_PATHS = (
               "$(inherited)",
               "$(SRCROOT)/.build/checkouts/Quick/Sources/QuickSpecBase/include"
            );
            INFOPLIST_FILE = "DocumentBrowser.xcodeproj/Quick_Info.plist";
            IPHONEOS_DEPLOYMENT_TARGET = "8.0";
            LD_RUNPATH_SEARCH_PATHS = (
               "$(inherited)",
               "$(TOOLCHAIN_DIR)/usr/lib/swift/macosx"
            );
            MACOSX_DEPLOYMENT_TARGET = "10.10";
            OTHER_CFLAGS = (
               "$(inherited)"
            );
            OTHER_LDFLAGS = (
               "$(inherited)"
            );
            OTHER_SWIFT_FLAGS = (
               "$(inherited)"
            );
            PRODUCT_BUNDLE_IDENTIFIER = "Quick";
            PRODUCT_MODULE_NAME = "$(TARGET_NAME:c99extidentifier)";
            PRODUCT_NAME = "$(TARGET_NAME:c99extidentifier)";
            SKIP_INSTALL = "YES";
            SWIFT_ACTIVE_COMPILATION_CONDITIONS = (
               "$(inherited)"
            );
            SWIFT_VERSION = "5.0";
            TARGET_NAME = "Quick";
            TVOS_DEPLOYMENT_TARGET = "9.0";
            WATCHOS_DEPLOYMENT_TARGET = "2.0";
         };
         name = "Debug";
      };
      "OBJ_33" = {
         isa = "PBXGroup";
         children = (
            "OBJ_34",
            "OBJ_67"
         );
         name = "Dependencies";
         path = "";
         sourceTree = "<group>";
      };
      "OBJ_330" = {
         isa = "XCBuildConfiguration";
         buildSettings = {
            ENABLE_TESTABILITY = "YES";
            FRAMEWORK_SEARCH_PATHS = (
               "$(inherited)",
               "$(PLATFORM_DIR)/Developer/Library/Frameworks"
            );
            HEADER_SEARCH_PATHS = (
               "$(inherited)",
               "$(SRCROOT)/.build/checkouts/Quick/Sources/QuickSpecBase/include"
            );
            INFOPLIST_FILE = "DocumentBrowser.xcodeproj/Quick_Info.plist";
            IPHONEOS_DEPLOYMENT_TARGET = "8.0";
            LD_RUNPATH_SEARCH_PATHS = (
               "$(inherited)",
               "$(TOOLCHAIN_DIR)/usr/lib/swift/macosx"
            );
            MACOSX_DEPLOYMENT_TARGET = "10.10";
            OTHER_CFLAGS = (
               "$(inherited)"
            );
            OTHER_LDFLAGS = (
               "$(inherited)"
            );
            OTHER_SWIFT_FLAGS = (
               "$(inherited)"
            );
            PRODUCT_BUNDLE_IDENTIFIER = "Quick";
            PRODUCT_MODULE_NAME = "$(TARGET_NAME:c99extidentifier)";
            PRODUCT_NAME = "$(TARGET_NAME:c99extidentifier)";
            SKIP_INSTALL = "YES";
            SWIFT_ACTIVE_COMPILATION_CONDITIONS = (
               "$(inherited)"
            );
            SWIFT_VERSION = "5.0";
            TARGET_NAME = "Quick";
            TVOS_DEPLOYMENT_TARGET = "9.0";
            WATCHOS_DEPLOYMENT_TARGET = "2.0";
         };
         name = "Release";
      };
      "OBJ_331" = {
         isa = "PBXSourcesBuildPhase";
         files = (
            "OBJ_332",
            "OBJ_333",
            "OBJ_334",
            "OBJ_335",
            "OBJ_336",
            "OBJ_337",
            "OBJ_338",
            "OBJ_339",
            "OBJ_340",
            "OBJ_341",
            "OBJ_342",
            "OBJ_343",
            "OBJ_344",
            "OBJ_345",
            "OBJ_346",
            "OBJ_347",
            "OBJ_348",
            "OBJ_349",
            "OBJ_350",
            "OBJ_351",
            "OBJ_352",
            "OBJ_353",
            "OBJ_354"
         );
      };
      "OBJ_332" = {
         isa = "PBXBuildFile";
         fileRef = "OBJ_36";
      };
      "OBJ_333" = {
         isa = "PBXBuildFile";
         fileRef = "OBJ_37";
      };
      "OBJ_334" = {
         isa = "PBXBuildFile";
         fileRef = "OBJ_39";
      };
      "OBJ_335" = {
         isa = "PBXBuildFile";
         fileRef = "OBJ_40";
      };
      "OBJ_336" = {
         isa = "PBXBuildFile";
         fileRef = "OBJ_42";
      };
      "OBJ_337" = {
         isa = "PBXBuildFile";
         fileRef = "OBJ_43";
      };
      "OBJ_338" = {
         isa = "PBXBuildFile";
         fileRef = "OBJ_44";
      };
      "OBJ_339" = {
         isa = "PBXBuildFile";
         fileRef = "OBJ_45";
      };
      "OBJ_34" = {
         isa = "PBXGroup";
         children = (
            "OBJ_35",
            "OBJ_62",
            "OBJ_66"
         );
         name = "Quick 2.2.0";
         path = "";
         sourceTree = "SOURCE_ROOT";
      };
      "OBJ_340" = {
         isa = "PBXBuildFile";
         fileRef = "OBJ_46";
      };
      "OBJ_341" = {
         isa = "PBXBuildFile";
         fileRef = "OBJ_47";
      };
      "OBJ_342" = {
         isa = "PBXBuildFile";
         fileRef = "OBJ_48";
      };
      "OBJ_343" = {
         isa = "PBXBuildFile";
         fileRef = "OBJ_50";
      };
      "OBJ_344" = {
         isa = "PBXBuildFile";
         fileRef = "OBJ_51";
      };
      "OBJ_345" = {
         isa = "PBXBuildFile";
         fileRef = "OBJ_52";
      };
      "OBJ_346" = {
         isa = "PBXBuildFile";
         fileRef = "OBJ_53";
      };
      "OBJ_347" = {
         isa = "PBXBuildFile";
         fileRef = "OBJ_54";
      };
      "OBJ_348" = {
         isa = "PBXBuildFile";
         fileRef = "OBJ_55";
      };
      "OBJ_349" = {
         isa = "PBXBuildFile";
         fileRef = "OBJ_56";
      };
      "OBJ_35" = {
         isa = "PBXGroup";
         children = (
            "OBJ_36",
            "OBJ_37",
            "OBJ_38",
            "OBJ_41",
            "OBJ_44",
            "OBJ_45",
            "OBJ_46",
            "OBJ_47",
            "OBJ_48",
            "OBJ_49",
            "OBJ_54",
            "OBJ_55",
            "OBJ_56",
            "OBJ_57",
            "OBJ_58",
            "OBJ_59",
            "OBJ_60",
            "OBJ_61"
         );
         name = "Quick";
         path = ".build/checkouts/Quick/Sources/Quick";
         sourceTree = "SOURCE_ROOT";
      };
      "OBJ_350" = {
         isa = "PBXBuildFile";
         fileRef = "OBJ_57";
      };
      "OBJ_351" = {
         isa = "PBXBuildFile";
         fileRef = "OBJ_58";
      };
      "OBJ_352" = {
         isa = "PBXBuildFile";
         fileRef = "OBJ_59";
      };
      "OBJ_353" = {
         isa = "PBXBuildFile";
         fileRef = "OBJ_60";
      };
      "OBJ_354" = {
         isa = "PBXBuildFile";
         fileRef = "OBJ_61";
      };
      "OBJ_355" = {
         isa = "PBXFrameworksBuildPhase";
         files = (
            "OBJ_356"
         );
      };
      "OBJ_356" = {
         isa = "PBXBuildFile";
         fileRef = "Quick::QuickSpecBase::Product";
      };
      "OBJ_357" = {
         isa = "PBXTargetDependency";
         target = "Quick::QuickSpecBase";
      };
      "OBJ_359" = {
         isa = "XCConfigurationList";
         buildConfigurations = (
            "OBJ_360",
            "OBJ_361"
         );
         defaultConfigurationIsVisible = "0";
         defaultConfigurationName = "Release";
      };
      "OBJ_36" = {
         isa = "PBXFileReference";
         path = "Behavior.swift";
         sourceTree = "<group>";
      };
      "OBJ_360" = {
         isa = "XCBuildConfiguration";
         buildSettings = {
            LD = "/usr/bin/true";
            OTHER_SWIFT_FLAGS = (
               "-swift-version",
               "5",
               "-I",
               "$(TOOLCHAIN_DIR)/usr/lib/swift/pm/4_2",
               "-target",
               "x86_64-apple-macosx10.10",
               "-sdk",
               "/Applications/Xcode.app/Contents/Developer/Platforms/MacOSX.platform/Developer/SDKs/MacOSX10.15.sdk",
               "-package-description-version",
               "5.0.0"
            );
            SWIFT_VERSION = "5.0";
         };
         name = "Debug";
      };
      "OBJ_361" = {
         isa = "XCBuildConfiguration";
         buildSettings = {
            LD = "/usr/bin/true";
            OTHER_SWIFT_FLAGS = (
               "-swift-version",
               "5",
               "-I",
               "$(TOOLCHAIN_DIR)/usr/lib/swift/pm/4_2",
               "-target",
               "x86_64-apple-macosx10.10",
               "-sdk",
               "/Applications/Xcode.app/Contents/Developer/Platforms/MacOSX.platform/Developer/SDKs/MacOSX10.15.sdk",
               "-package-description-version",
               "5.0.0"
            );
            SWIFT_VERSION = "5.0";
         };
         name = "Release";
      };
      "OBJ_362" = {
         isa = "PBXSourcesBuildPhase";
         files = (
            "OBJ_363"
         );
      };
      "OBJ_363" = {
         isa = "PBXBuildFile";
         fileRef = "OBJ_66";
      };
      "OBJ_364" = {
         isa = "XCConfigurationList";
         buildConfigurations = (
            "OBJ_365",
            "OBJ_366"
         );
         defaultConfigurationIsVisible = "0";
         defaultConfigurationName = "Release";
      };
      "OBJ_365" = {
         isa = "XCBuildConfiguration";
         buildSettings = {
            CLANG_ENABLE_MODULES = "YES";
            DEFINES_MODULE = "YES";
            ENABLE_TESTABILITY = "YES";
            FRAMEWORK_SEARCH_PATHS = (
               "$(inherited)",
               "$(PLATFORM_DIR)/Developer/Library/Frameworks"
            );
            HEADER_SEARCH_PATHS = (
               "$(inherited)",
               "$(SRCROOT)/.build/checkouts/Quick/Sources/QuickSpecBase/include"
            );
            INFOPLIST_FILE = "DocumentBrowser.xcodeproj/QuickSpecBase_Info.plist";
            IPHONEOS_DEPLOYMENT_TARGET = "8.0";
            LD_RUNPATH_SEARCH_PATHS = (
               "$(inherited)",
               "$(TOOLCHAIN_DIR)/usr/lib/swift/macosx"
            );
            MACOSX_DEPLOYMENT_TARGET = "10.10";
            OTHER_CFLAGS = (
               "$(inherited)"
            );
            OTHER_LDFLAGS = (
               "$(inherited)"
            );
            OTHER_SWIFT_FLAGS = (
               "$(inherited)"
            );
            PRODUCT_BUNDLE_IDENTIFIER = "QuickSpecBase";
            PRODUCT_MODULE_NAME = "$(TARGET_NAME:c99extidentifier)";
            PRODUCT_NAME = "$(TARGET_NAME:c99extidentifier)";
            SKIP_INSTALL = "YES";
            SWIFT_ACTIVE_COMPILATION_CONDITIONS = (
               "$(inherited)"
            );
            TARGET_NAME = "QuickSpecBase";
            TVOS_DEPLOYMENT_TARGET = "9.0";
            WATCHOS_DEPLOYMENT_TARGET = "2.0";
         };
         name = "Debug";
      };
      "OBJ_366" = {
         isa = "XCBuildConfiguration";
         buildSettings = {
            CLANG_ENABLE_MODULES = "YES";
            DEFINES_MODULE = "YES";
            ENABLE_TESTABILITY = "YES";
            FRAMEWORK_SEARCH_PATHS = (
               "$(inherited)",
               "$(PLATFORM_DIR)/Developer/Library/Frameworks"
            );
            HEADER_SEARCH_PATHS = (
               "$(inherited)",
               "$(SRCROOT)/.build/checkouts/Quick/Sources/QuickSpecBase/include"
            );
            INFOPLIST_FILE = "DocumentBrowser.xcodeproj/QuickSpecBase_Info.plist";
            IPHONEOS_DEPLOYMENT_TARGET = "8.0";
            LD_RUNPATH_SEARCH_PATHS = (
               "$(inherited)",
               "$(TOOLCHAIN_DIR)/usr/lib/swift/macosx"
            );
            MACOSX_DEPLOYMENT_TARGET = "10.10";
            OTHER_CFLAGS = (
               "$(inherited)"
            );
            OTHER_LDFLAGS = (
               "$(inherited)"
            );
            OTHER_SWIFT_FLAGS = (
               "$(inherited)"
            );
            PRODUCT_BUNDLE_IDENTIFIER = "QuickSpecBase";
            PRODUCT_MODULE_NAME = "$(TARGET_NAME:c99extidentifier)";
            PRODUCT_NAME = "$(TARGET_NAME:c99extidentifier)";
            SKIP_INSTALL = "YES";
            SWIFT_ACTIVE_COMPILATION_CONDITIONS = (
               "$(inherited)"
            );
            TARGET_NAME = "QuickSpecBase";
            TVOS_DEPLOYMENT_TARGET = "9.0";
            WATCHOS_DEPLOYMENT_TARGET = "2.0";
         };
         name = "Release";
      };
      "OBJ_367" = {
         isa = "PBXSourcesBuildPhase";
         files = (
            "OBJ_368"
         );
      };
      "OBJ_368" = {
         isa = "PBXBuildFile";
         fileRef = "OBJ_63";
      };
      "OBJ_369" = {
         isa = "PBXHeadersBuildPhase";
         files = (
            "OBJ_370"
         );
      };
      "OBJ_37" = {
         isa = "PBXFileReference";
         path = "Callsite.swift";
         sourceTree = "<group>";
      };
      "OBJ_370" = {
         isa = "PBXBuildFile";
         fileRef = "OBJ_65";
         settings = {
            ATTRIBUTES = (
               "Public"
            );
         };
      };
      "OBJ_371" = {
         isa = "PBXFrameworksBuildPhase";
         files = (
         );
      };
      "OBJ_38" = {
         isa = "PBXGroup";
         children = (
            "OBJ_39",
            "OBJ_40"
         );
         name = "Configuration";
         path = "Configuration";
         sourceTree = "<group>";
      };
      "OBJ_39" = {
         isa = "PBXFileReference";
         path = "Configuration.swift";
         sourceTree = "<group>";
      };
      "OBJ_4" = {
         isa = "XCBuildConfiguration";
         buildSettings = {
            CLANG_ENABLE_OBJC_ARC = "YES";
            COMBINE_HIDPI_IMAGES = "YES";
            COPY_PHASE_STRIP = "YES";
            DEBUG_INFORMATION_FORMAT = "dwarf-with-dsym";
            DYLIB_INSTALL_NAME_BASE = "@rpath";
            GCC_OPTIMIZATION_LEVEL = "s";
            GCC_PREPROCESSOR_DEFINITIONS = (
               "$(inherited)",
               "SWIFT_PACKAGE=1"
            );
            MACOSX_DEPLOYMENT_TARGET = "10.10";
            OTHER_SWIFT_FLAGS = (
               "$(inherited)",
               "-DXcode"
            );
            PRODUCT_NAME = "$(TARGET_NAME)";
            SDKROOT = "macosx";
            SUPPORTED_PLATFORMS = (
               "macosx",
               "iphoneos",
               "iphonesimulator",
               "appletvos",
               "appletvsimulator",
               "watchos",
               "watchsimulator"
            );
            SWIFT_ACTIVE_COMPILATION_CONDITIONS = (
               "$(inherited)",
               "SWIFT_PACKAGE"
            );
            SWIFT_OPTIMIZATION_LEVEL = "-Owholemodule";
            USE_HEADERMAP = "NO";
         };
         name = "Release";
      };
      "OBJ_40" = {
         isa = "PBXFileReference";
         path = "QuickConfiguration.swift";
         sourceTree = "<group>";
      };
      "OBJ_41" = {
         isa = "PBXGroup";
         children = (
            "OBJ_42",
            "OBJ_43"
         );
         name = "DSL";
         path = "DSL";
         sourceTree = "<group>";
      };
      "OBJ_42" = {
         isa = "PBXFileReference";
         path = "DSL.swift";
         sourceTree = "<group>";
      };
      "OBJ_43" = {
         isa = "PBXFileReference";
         path = "World+DSL.swift";
         sourceTree = "<group>";
      };
      "OBJ_44" = {
         isa = "PBXFileReference";
         path = "ErrorUtility.swift";
         sourceTree = "<group>";
      };
      "OBJ_45" = {
         isa = "PBXFileReference";
         path = "Example.swift";
         sourceTree = "<group>";
      };
      "OBJ_46" = {
         isa = "PBXFileReference";
         path = "ExampleGroup.swift";
         sourceTree = "<group>";
      };
      "OBJ_47" = {
         isa = "PBXFileReference";
         path = "ExampleMetadata.swift";
         sourceTree = "<group>";
      };
      "OBJ_48" = {
         isa = "PBXFileReference";
         path = "Filter.swift";
         sourceTree = "<group>";
      };
      "OBJ_49" = {
         isa = "PBXGroup";
         children = (
            "OBJ_50",
            "OBJ_51",
            "OBJ_52",
            "OBJ_53"
         );
         name = "Hooks";
         path = "Hooks";
         sourceTree = "<group>";
      };
      "OBJ_5" = {
         isa = "PBXGroup";
         children = (
            "OBJ_6",
            "OBJ_7",
            "OBJ_19",
            "OBJ_33",
            "OBJ_143",
            "OBJ_153",
            "OBJ_154"
         );
         path = "";
         sourceTree = "<group>";
      };
      "OBJ_50" = {
         isa = "PBXFileReference";
         path = "Closures.swift";
         sourceTree = "<group>";
      };
      "OBJ_51" = {
         isa = "PBXFileReference";
         path = "ExampleHooks.swift";
         sourceTree = "<group>";
      };
      "OBJ_52" = {
         isa = "PBXFileReference";
         path = "HooksPhase.swift";
         sourceTree = "<group>";
      };
      "OBJ_53" = {
         isa = "PBXFileReference";
         path = "SuiteHooks.swift";
         sourceTree = "<group>";
      };
      "OBJ_54" = {
         isa = "PBXFileReference";
         path = "NSBundle+CurrentTestBundle.swift";
         sourceTree = "<group>";
      };
      "OBJ_55" = {
         isa = "PBXFileReference";
         path = "QuickMain.swift";
         sourceTree = "<group>";
      };
      "OBJ_56" = {
         isa = "PBXFileReference";
         path = "QuickSelectedTestSuiteBuilder.swift";
         sourceTree = "<group>";
      };
      "OBJ_57" = {
         isa = "PBXFileReference";
         path = "QuickSpec.swift";
         sourceTree = "<group>";
      };
      "OBJ_58" = {
         isa = "PBXFileReference";
         path = "QuickTestSuite.swift";
         sourceTree = "<group>";
      };
      "OBJ_59" = {
         isa = "PBXFileReference";
         path = "String+C99ExtendedIdentifier.swift";
         sourceTree = "<group>";
      };
      "OBJ_6" = {
         isa = "PBXFileReference";
         explicitFileType = "sourcecode.swift";
         path = "Package.swift";
         sourceTree = "<group>";
      };
      "OBJ_60" = {
         isa = "PBXFileReference";
         path = "URL+FileName.swift";
         sourceTree = "<group>";
      };
      "OBJ_61" = {
         isa = "PBXFileReference";
         path = "World.swift";
         sourceTree = "<group>";
      };
      "OBJ_62" = {
         isa = "PBXGroup";
         children = (
            "OBJ_63",
            "OBJ_64"
         );
         name = "QuickSpecBase";
         path = ".build/checkouts/Quick/Sources/QuickSpecBase";
         sourceTree = "SOURCE_ROOT";
      };
      "OBJ_63" = {
         isa = "PBXFileReference";
         path = "QuickSpecBase.m";
         sourceTree = "<group>";
      };
      "OBJ_64" = {
         isa = "PBXGroup";
         children = (
            "OBJ_65"
         );
         name = "include";
         path = "include";
         sourceTree = "<group>";
      };
      "OBJ_65" = {
         isa = "PBXFileReference";
         path = "QuickSpecBase.h";
         sourceTree = "<group>";
      };
      "OBJ_66" = {
         isa = "PBXFileReference";
         explicitFileType = "sourcecode.swift";
         name = "Package.swift";
         path = "/Users/darrarski/Dev/DocumentBrowser-iOS/.build/checkouts/Quick/Package.swift";
         sourceTree = "<group>";
      };
      "OBJ_67" = {
         isa = "PBXGroup";
         children = (
            "OBJ_68",
            "OBJ_125",
            "OBJ_127",
            "OBJ_132",
            "OBJ_138",
            "OBJ_142"
         );
         name = "Nimble 8.0.7";
         path = "";
         sourceTree = "SOURCE_ROOT";
      };
      "OBJ_68" = {
         isa = "PBXGroup";
         children = (
            "OBJ_69",
            "OBJ_79",
            "OBJ_80",
            "OBJ_81",
            "OBJ_82",
            "OBJ_83",
            "OBJ_84",
            "OBJ_85",
            "OBJ_119"
         );
         name = "Nimble";
         path = ".build/checkouts/Nimble/Sources/Nimble";
         sourceTree = "SOURCE_ROOT";
      };
      "OBJ_69" = {
         isa = "PBXGroup";
         children = (
            "OBJ_70",
            "OBJ_71",
            "OBJ_72",
            "OBJ_73",
            "OBJ_74",
            "OBJ_75",
            "OBJ_76",
            "OBJ_77"
         );
         name = "Adapters";
         path = "Adapters";
         sourceTree = "<group>";
      };
      "OBJ_7" = {
         isa = "PBXGroup";
         children = (
            "OBJ_8"
         );
         name = "Sources";
         path = "";
         sourceTree = "SOURCE_ROOT";
      };
      "OBJ_70" = {
         isa = "PBXFileReference";
         path = "AdapterProtocols.swift";
         sourceTree = "<group>";
      };
      "OBJ_71" = {
         isa = "PBXFileReference";
         path = "AssertionDispatcher.swift";
         sourceTree = "<group>";
      };
      "OBJ_72" = {
         isa = "PBXFileReference";
         path = "AssertionRecorder.swift";
         sourceTree = "<group>";
      };
      "OBJ_73" = {
         isa = "PBXFileReference";
         path = "NMBExpectation.swift";
         sourceTree = "<group>";
      };
      "OBJ_74" = {
         isa = "PBXFileReference";
         path = "NMBObjCMatcher.swift";
         sourceTree = "<group>";
      };
      "OBJ_75" = {
         isa = "PBXFileReference";
         path = "NimbleEnvironment.swift";
         sourceTree = "<group>";
      };
      "OBJ_76" = {
         isa = "PBXFileReference";
         path = "NimbleXCTestHandler.swift";
         sourceTree = "<group>";
      };
      "OBJ_77" = {
         isa = "PBXGroup";
         children = (
            "OBJ_78"
         );
         name = "NonObjectiveC";
         path = "NonObjectiveC";
         sourceTree = "<group>";
      };
      "OBJ_78" = {
         isa = "PBXFileReference";
         path = "ExceptionCapture.swift";
         sourceTree = "<group>";
      };
      "OBJ_79" = {
         isa = "PBXFileReference";
         path = "DSL+Wait.swift";
         sourceTree = "<group>";
      };
      "OBJ_8" = {
         isa = "PBXGroup";
         children = (
            "OBJ_9",
            "OBJ_10",
            "OBJ_11",
            "OBJ_12",
            "OBJ_13",
            "OBJ_14",
            "OBJ_15",
            "OBJ_16",
            "OBJ_17",
            "OBJ_18"
         );
         name = "DocumentBrowser";
         path = "Sources/DocumentBrowser";
         sourceTree = "SOURCE_ROOT";
      };
      "OBJ_80" = {
         isa = "PBXFileReference";
         path = "DSL.swift";
         sourceTree = "<group>";
      };
      "OBJ_81" = {
         isa = "PBXFileReference";
         path = "Expectation.swift";
         sourceTree = "<group>";
      };
      "OBJ_82" = {
         isa = "PBXFileReference";
         path = "ExpectationMessage.swift";
         sourceTree = "<group>";
      };
      "OBJ_83" = {
         isa = "PBXFileReference";
         path = "Expression.swift";
         sourceTree = "<group>";
      };
      "OBJ_84" = {
         isa = "PBXFileReference";
         path = "FailureMessage.swift";
         sourceTree = "<group>";
      };
      "OBJ_85" = {
         isa = "PBXGroup";
         children = (
            "OBJ_86",
            "OBJ_87",
            "OBJ_88",
            "OBJ_89",
            "OBJ_90",
            "OBJ_91",
            "OBJ_92",
            "OBJ_93",
            "OBJ_94",
            "OBJ_95",
            "OBJ_96",
            "OBJ_97",
            "OBJ_98",
            "OBJ_99",
            "OBJ_100",
            "OBJ_101",
            "OBJ_102",
            "OBJ_103",
            "OBJ_104",
            "OBJ_105",
            "OBJ_106",
            "OBJ_107",
            "OBJ_108",
            "OBJ_109",
            "OBJ_110",
            "OBJ_111",
            "OBJ_112",
            "OBJ_113",
            "OBJ_114",
            "OBJ_115",
            "OBJ_116",
            "OBJ_117",
            "OBJ_118"
         );
         name = "Matchers";
         path = "Matchers";
         sourceTree = "<group>";
      };
      "OBJ_86" = {
         isa = "PBXFileReference";
         path = "AllPass.swift";
         sourceTree = "<group>";
      };
      "OBJ_87" = {
         isa = "PBXFileReference";
         path = "Async.swift";
         sourceTree = "<group>";
      };
      "OBJ_88" = {
         isa = "PBXFileReference";
         path = "BeAKindOf.swift";
         sourceTree = "<group>";
      };
      "OBJ_89" = {
         isa = "PBXFileReference";
         path = "BeAnInstanceOf.swift";
         sourceTree = "<group>";
      };
      "OBJ_9" = {
         isa = "PBXFileReference";
         path = "DocumentBrowser.swift";
         sourceTree = "<group>";
      };
      "OBJ_90" = {
         isa = "PBXFileReference";
         path = "BeCloseTo.swift";
         sourceTree = "<group>";
      };
      "OBJ_91" = {
         isa = "PBXFileReference";
         path = "BeEmpty.swift";
         sourceTree = "<group>";
      };
      "OBJ_92" = {
         isa = "PBXFileReference";
         path = "BeGreaterThan.swift";
         sourceTree = "<group>";
      };
      "OBJ_93" = {
         isa = "PBXFileReference";
         path = "BeGreaterThanOrEqualTo.swift";
         sourceTree = "<group>";
      };
      "OBJ_94" = {
         isa = "PBXFileReference";
         path = "BeIdenticalTo.swift";
         sourceTree = "<group>";
      };
      "OBJ_95" = {
         isa = "PBXFileReference";
         path = "BeLessThan.swift";
         sourceTree = "<group>";
      };
      "OBJ_96" = {
         isa = "PBXFileReference";
         path = "BeLessThanOrEqual.swift";
         sourceTree = "<group>";
      };
      "OBJ_97" = {
         isa = "PBXFileReference";
         path = "BeLogical.swift";
         sourceTree = "<group>";
      };
      "OBJ_98" = {
         isa = "PBXFileReference";
         path = "BeNil.swift";
         sourceTree = "<group>";
      };
      "OBJ_99" = {
         isa = "PBXFileReference";
         path = "BeVoid.swift";
         sourceTree = "<group>";
      };
      "Quick::Quick" = {
         isa = "PBXNativeTarget";
         buildConfigurationList = "OBJ_328";
         buildPhases = (
            "OBJ_331",
            "OBJ_355"
         );
         dependencies = (
            "OBJ_357"
         );
         name = "Quick";
         productName = "Quick";
         productReference = "Quick::Quick::Product";
         productType = "com.apple.product-type.framework";
      };
      "Quick::Quick::Product" = {
         isa = "PBXFileReference";
         path = "Quick.framework";
         sourceTree = "BUILT_PRODUCTS_DIR";
      };
      "Quick::QuickSpecBase" = {
         isa = "PBXNativeTarget";
         buildConfigurationList = "OBJ_364";
         buildPhases = (
            "OBJ_367",
            "OBJ_369",
            "OBJ_371"
         );
         dependencies = (
         );
         name = "QuickSpecBase";
         productName = "QuickSpecBase";
         productReference = "Quick::QuickSpecBase::Product";
         productType = "com.apple.product-type.framework";
      };
      "Quick::QuickSpecBase::Product" = {
         isa = "PBXFileReference";
         path = "QuickSpecBase.framework";
         sourceTree = "BUILT_PRODUCTS_DIR";
      };
      "Quick::SwiftPMPackageDescription" = {
         isa = "PBXNativeTarget";
         buildConfigurationList = "OBJ_359";
         buildPhases = (
            "OBJ_362"
         );
         dependencies = (
         );
         name = "QuickPackageDescription";
         productName = "QuickPackageDescription";
         productType = "com.apple.product-type.framework";
      };
   };
   rootObject = "OBJ_1";
}
